// !$*UTF8*$!
{
	archiveVersion = 1;
	classes = {
	};
	objectVersion = 46;
	objects = {

/* Begin PBXBuildFile section */
		D64A9436371444F48143C767 /* libPods.a in Frameworks */ = {isa = PBXBuildFile; fileRef = 99E4E867158A40178A8EA74E /* libPods.a */; };
		FD1F1A18193B5F29009638F5 /* UpdateMemberFirstTimeForm.m in Sources */ = {isa = PBXBuildFile; fileRef = FD1F1A17193B5F29009638F5 /* UpdateMemberFirstTimeForm.m */; };
		FD1F1A1B193CAC43009638F5 /* FirstUploadPhotoTableViewController.m in Sources */ = {isa = PBXBuildFile; fileRef = FD1F1A1A193CAC43009638F5 /* FirstUploadPhotoTableViewController.m */; };
		FD48F99619478D7300C8106D /* Images.xcassets in Resources */ = {isa = PBXBuildFile; fileRef = FD48F99519478D7300C8106D /* Images.xcassets */; };
		FD4AF16519293B4A00F41129 /* FXForms.m in Sources */ = {isa = PBXBuildFile; fileRef = FD4AF16419293B4A00F41129 /* FXForms.m */; };
		FD4AF16919293C9900F41129 /* AddEventViewController.m in Sources */ = {isa = PBXBuildFile; fileRef = FD4AF16819293C9900F41129 /* AddEventViewController.m */; };
		FD4AF16D1929400F00F41129 /* AddEventForm.m in Sources */ = {isa = PBXBuildFile; fileRef = FD4AF16C1929400F00F41129 /* AddEventForm.m */; };
		FD507C1C192C84050077C55A /* AddRelationForm.m in Sources */ = {isa = PBXBuildFile; fileRef = FD507C1B192C84050077C55A /* AddRelationForm.m */; };
		FD530C9B193D931C00ACFC2A /* TreeTableViewController.m in Sources */ = {isa = PBXBuildFile; fileRef = FD530C9A193D931C00ACFC2A /* TreeTableViewController.m */; };
		FD530C9F193F13E600ACFC2A /* UITreeNodeTableViewCell.m in Sources */ = {isa = PBXBuildFile; fileRef = FD530C9E193F13E600ACFC2A /* UITreeNodeTableViewCell.m */; };
		FD5377C819326D07002A62F0 /* TMemberJob.m in Sources */ = {isa = PBXBuildFile; fileRef = FD5377C719326D07002A62F0 /* TMemberJob.m */; };
		FD5377CB193272FF002A62F0 /* AddMemberJobForm.m in Sources */ = {isa = PBXBuildFile; fileRef = FD5377CA193272FF002A62F0 /* AddMemberJobForm.m */; };
		FD5377CE19327569002A62F0 /* AddMemberJobViewController.m in Sources */ = {isa = PBXBuildFile; fileRef = FD5377CD19327569002A62F0 /* AddMemberJobViewController.m */; };
		FD5377D919337DCD002A62F0 /* LocationMapViewController.m in Sources */ = {isa = PBXBuildFile; fileRef = FD5377D719337DCD002A62F0 /* LocationMapViewController.m */; };
		FD5377DA19337DCD002A62F0 /* LocationMapViewController.xib in Resources */ = {isa = PBXBuildFile; fileRef = FD5377D819337DCD002A62F0 /* LocationMapViewController.xib */; };
		FD54660A18F5A66000BFD409 /* Foundation.framework in Frameworks */ = {isa = PBXBuildFile; fileRef = FD54660918F5A66000BFD409 /* Foundation.framework */; };
		FD54660C18F5A66000BFD409 /* CoreGraphics.framework in Frameworks */ = {isa = PBXBuildFile; fileRef = FD54660B18F5A66000BFD409 /* CoreGraphics.framework */; };
		FD54660E18F5A66000BFD409 /* UIKit.framework in Frameworks */ = {isa = PBXBuildFile; fileRef = FD54660D18F5A66000BFD409 /* UIKit.framework */; };
		FD54661418F5A66000BFD409 /* InfoPlist.strings in Resources */ = {isa = PBXBuildFile; fileRef = FD54661218F5A66000BFD409 /* InfoPlist.strings */; };
		FD54661618F5A66000BFD409 /* main.m in Sources */ = {isa = PBXBuildFile; fileRef = FD54661518F5A66000BFD409 /* main.m */; };
		FD54661A18F5A66000BFD409 /* AppDelegate.m in Sources */ = {isa = PBXBuildFile; fileRef = FD54661918F5A66000BFD409 /* AppDelegate.m */; };
		FD54661D18F5A66000BFD409 /* Main.storyboard in Resources */ = {isa = PBXBuildFile; fileRef = FD54661B18F5A66000BFD409 /* Main.storyboard */; };
		FD54662918F5A66000BFD409 /* XCTest.framework in Frameworks */ = {isa = PBXBuildFile; fileRef = FD54662818F5A66000BFD409 /* XCTest.framework */; };
		FD54662A18F5A66000BFD409 /* Foundation.framework in Frameworks */ = {isa = PBXBuildFile; fileRef = FD54660918F5A66000BFD409 /* Foundation.framework */; };
		FD54662B18F5A66000BFD409 /* UIKit.framework in Frameworks */ = {isa = PBXBuildFile; fileRef = FD54660D18F5A66000BFD409 /* UIKit.framework */; };
		FD54663318F5A66000BFD409 /* InfoPlist.strings in Resources */ = {isa = PBXBuildFile; fileRef = FD54663118F5A66000BFD409 /* InfoPlist.strings */; };
		FD54663518F5A66000BFD409 /* mobileTests.m in Sources */ = {isa = PBXBuildFile; fileRef = FD54663418F5A66000BFD409 /* mobileTests.m */; };
		FD576CB218F733B300851F90 /* UpdateInfoFirstTimeViewController.m in Sources */ = {isa = PBXBuildFile; fileRef = FD576CB118F733B300851F90 /* UpdateInfoFirstTimeViewController.m */; };
		FD59908C18FEEE1400975F7F /* TMember.m in Sources */ = {isa = PBXBuildFile; fileRef = FD59908B18FEEE1400975F7F /* TMember.m */; };
		FD5A6A82193A36FE00CE9E10 /* SettingsTableViewController.m in Sources */ = {isa = PBXBuildFile; fileRef = FD5A6A81193A36FE00CE9E10 /* SettingsTableViewController.m */; };
		FD5A6A85193A40F900CE9E10 /* FirstHandShakeLoginTableViewController.m in Sources */ = {isa = PBXBuildFile; fileRef = FD5A6A84193A40F900CE9E10 /* FirstHandShakeLoginTableViewController.m */; };
		FD5A6A88193A844900CE9E10 /* SecondHandShakeLoginTableViewController.m in Sources */ = {isa = PBXBuildFile; fileRef = FD5A6A87193A844900CE9E10 /* SecondHandShakeLoginTableViewController.m */; };
		FD5AA145191AAD6700C44F81 /* CircleViewController.m in Sources */ = {isa = PBXBuildFile; fileRef = FD5AA144191AAD6700C44F81 /* CircleViewController.m */; };
		FD5BA84B192AB0B300B37FCC /* TEvent.m in Sources */ = {isa = PBXBuildFile; fileRef = FD5BA84A192AB0B300B37FCC /* TEvent.m */; };
		FD61901019262009004DF6C4 /* EventsTableViewController.m in Sources */ = {isa = PBXBuildFile; fileRef = FD61900F19262009004DF6C4 /* EventsTableViewController.m */; };
		FD635C651934FE4E007B3AAE /* CommentsTableViewController.m in Sources */ = {isa = PBXBuildFile; fileRef = FD635C641934FE4E007B3AAE /* CommentsTableViewController.m */; };
		FD635C6B19352B35007B3AAE /* UITabInputView.m in Sources */ = {isa = PBXBuildFile; fileRef = FD635C6A19352B35007B3AAE /* UITabInputView.m */; };
		FD68D62E192B6C2D003ABCFF /* TMemberRelation.m in Sources */ = {isa = PBXBuildFile; fileRef = FD68D62D192B6C2D003ABCFF /* TMemberRelation.m */; };
		FD697A0A19448EBE00D571E2 /* UpdateMemberInfoForm.m in Sources */ = {isa = PBXBuildFile; fileRef = FD697A0919448EBE00D571E2 /* UpdateMemberInfoForm.m */; };
		FD697A0D1944A63600D571E2 /* UpdateMemberInfoViewController.m in Sources */ = {isa = PBXBuildFile; fileRef = FD697A0C1944A63600D571E2 /* UpdateMemberInfoViewController.m */; };
		FD7AB76E190ABCC700E302B8 /* ViewMemberTableViewController.m in Sources */ = {isa = PBXBuildFile; fileRef = FD7AB76D190ABCC700E302B8 /* ViewMemberTableViewController.m */; };
		FD7AB771190B04E400E302B8 /* CirclesTableViewController.m in Sources */ = {isa = PBXBuildFile; fileRef = FD7AB770190B04E400E302B8 /* CirclesTableViewController.m */; };
		FD81B89C1907F50D0037B479 /* Security.framework in Frameworks */ = {isa = PBXBuildFile; fileRef = FD81B89B1907F50D0037B479 /* Security.framework */; };
		FD81B89E1907F83B0037B479 /* readme.md in Resources */ = {isa = PBXBuildFile; fileRef = FD81B89D1907F83B0037B479 /* readme.md */; };
		FD85CB12191CE808003707AC /* TCircle.m in Sources */ = {isa = PBXBuildFile; fileRef = FD85CB11191CE808003707AC /* TCircle.m */; };
		FD96ECD4194B89FF0030F6BE /* CircleChatsTableViewController.m in Sources */ = {isa = PBXBuildFile; fileRef = FD96ECD3194B89FF0030F6BE /* CircleChatsTableViewController.m */; };
		FD96ECD7194BE5C20030F6BE /* TMessage.m in Sources */ = {isa = PBXBuildFile; fileRef = FD96ECD6194BE5C20030F6BE /* TMessage.m */; };
		FD96ECDA194CE9990030F6BE /* TMessageMedia.m in Sources */ = {isa = PBXBuildFile; fileRef = FD96ECD9194CE9990030F6BE /* TMessageMedia.m */; };
		FD96ECDD194F24A90030F6BE /* ViewCircleStatsTableViewController.m in Sources */ = {isa = PBXBuildFile; fileRef = FD96ECDC194F24A90030F6BE /* ViewCircleStatsTableViewController.m */; };
		FD96ECF9195219F00030F6BE /* AddressBook.framework in Frameworks */ = {isa = PBXBuildFile; fileRef = FD96ECF8195219F00030F6BE /* AddressBook.framework */; };
		FD96ECFB195219F60030F6BE /* AddressBookUI.framework in Frameworks */ = {isa = PBXBuildFile; fileRef = FD96ECFA195219F60030F6BE /* AddressBookUI.framework */; };
		FD96ECFE195389BC0030F6BE /* AddCircleTableViewController.m in Sources */ = {isa = PBXBuildFile; fileRef = FD96ECFD195389BC0030F6BE /* AddCircleTableViewController.m */; };
		FD9C71021905812A0091849B /* AddRelationViewController.m in Sources */ = {isa = PBXBuildFile; fileRef = FD9C71011905812A0091849B /* AddRelationViewController.m */; };
		FD9F4C961926980800D10C09 /* MapKit.framework in Frameworks */ = {isa = PBXBuildFile; fileRef = FD9F4C951926980800D10C09 /* MapKit.framework */; };
		FDA0E19719364FE300F31A0A /* TComment.m in Sources */ = {isa = PBXBuildFile; fileRef = FDA0E19619364FE300F31A0A /* TComment.m */; };
		FDA0E19A193741B300F31A0A /* ViewMediasViewController.m in Sources */ = {isa = PBXBuildFile; fileRef = FDA0E199193741B300F31A0A /* ViewMediasViewController.m */; };
		FDA0E1A01937A35B00F31A0A /* ViewMediaTableViewController.m in Sources */ = {isa = PBXBuildFile; fileRef = FDA0E19F1937A35B00F31A0A /* ViewMediaTableViewController.m */; };
		FDA0E1A41937CC9E00F31A0A /* UIMultiColumnsTableViewCell.m in Sources */ = {isa = PBXBuildFile; fileRef = FDA0E1A31937CC9E00F31A0A /* UIMultiColumnsTableViewCell.m */; };
		FDA9B0F71921320B0015BF8C /* CircleMembersTableViewController.m in Sources */ = {isa = PBXBuildFile; fileRef = FDA9B0F61921320B0015BF8C /* CircleMembersTableViewController.m */; };
		FDD150FF192FCC3E00BC41E5 /* TAccess.m in Sources */ = {isa = PBXBuildFile; fileRef = FDD150FE192FCC3E00BC41E5 /* TAccess.m */; };
		FDD15102192FCD1A00BC41E5 /* TAction.m in Sources */ = {isa = PBXBuildFile; fileRef = FDD15101192FCD1A00BC41E5 /* TAction.m */; };
		FDD15105192FCEA400BC41E5 /* TCircleEventMember.m in Sources */ = {isa = PBXBuildFile; fileRef = FDD15104192FCEA400BC41E5 /* TCircleEventMember.m */; };
		FDD15108192FCF7900BC41E5 /* TCircleMessageMember.m in Sources */ = {isa = PBXBuildFile; fileRef = FDD15107192FCF7900BC41E5 /* TCircleMessageMember.m */; };
		FDD1510B192FD35300BC41E5 /* TEducationMajor.m in Sources */ = {isa = PBXBuildFile; fileRef = FDD1510A192FD35300BC41E5 /* TEducationMajor.m */; };
		FDD1510E192FDA9700BC41E5 /* TEventMedia.m in Sources */ = {isa = PBXBuildFile; fileRef = FDD1510D192FDA9700BC41E5 /* TEventMedia.m */; };
		FDD15111192FDB7300BC41E5 /* TJobCompany.m in Sources */ = {isa = PBXBuildFile; fileRef = FDD15110192FDB7300BC41E5 /* TJobCompany.m */; };
		FDD15114192FDEA400BC41E5 /* TMedia.m in Sources */ = {isa = PBXBuildFile; fileRef = FDD15113192FDEA400BC41E5 /* TMedia.m */; };
		FDD15117192FDF8E00BC41E5 /* TMemberCircle.m in Sources */ = {isa = PBXBuildFile; fileRef = FDD15116192FDF8E00BC41E5 /* TMemberCircle.m */; };
		FDD1511A192FE1BE00BC41E5 /* TMemberEducation.m in Sources */ = {isa = PBXBuildFile; fileRef = FDD15119192FE1BE00BC41E5 /* TMemberEducation.m */; };
		FDD1511D192FFEA100BC41E5 /* AddMemberEducationViewController.m in Sources */ = {isa = PBXBuildFile; fileRef = FDD1511C192FFEA100BC41E5 /* AddMemberEducationViewController.m */; };
		FDD15120192FFF2F00BC41E5 /* AddMemberEducationForm.m in Sources */ = {isa = PBXBuildFile; fileRef = FDD1511F192FFF2F00BC41E5 /* AddMemberEducationForm.m */; };
		FDE4A8901933C8FF00E3B866 /* ViewEventTableViewController.m in Sources */ = {isa = PBXBuildFile; fileRef = FDE4A88F1933C8FF00E3B866 /* ViewEventTableViewController.m */; };
		FDF1F22B18F5C891001B53D0 /* TSweetAutoCompletesCommunicator.m in Sources */ = {isa = PBXBuildFile; fileRef = FDF1F21618F5C891001B53D0 /* TSweetAutoCompletesCommunicator.m */; };
		FDF1F22C18F5C891001B53D0 /* TSweetCirclesCommunicator.m in Sources */ = {isa = PBXBuildFile; fileRef = FDF1F21818F5C891001B53D0 /* TSweetCirclesCommunicator.m */; };
		FDF1F22D18F5C891001B53D0 /* TSweetEventsCommunicator.m in Sources */ = {isa = PBXBuildFile; fileRef = FDF1F21A18F5C891001B53D0 /* TSweetEventsCommunicator.m */; };
		FDF1F22E18F5C891001B53D0 /* TSweetMediasCommunicator.m in Sources */ = {isa = PBXBuildFile; fileRef = FDF1F21C18F5C891001B53D0 /* TSweetMediasCommunicator.m */; };
		FDF1F22F18F5C891001B53D0 /* TSweetMembersCommunicator.m in Sources */ = {isa = PBXBuildFile; fileRef = FDF1F21E18F5C891001B53D0 /* TSweetMembersCommunicator.m */; };
		FDF1F23018F5C891001B53D0 /* TSweetMessagesCommunicator.m in Sources */ = {isa = PBXBuildFile; fileRef = FDF1F22018F5C891001B53D0 /* TSweetMessagesCommunicator.m */; };
		FDF1F23118F5C891001B53D0 /* TSweetSocialMediasCommunicator.m in Sources */ = {isa = PBXBuildFile; fileRef = FDF1F22218F5C891001B53D0 /* TSweetSocialMediasCommunicator.m */; };
		FDF1F23218F5C891001B53D0 /* TSweetTrusteesCommunicator.m in Sources */ = {isa = PBXBuildFile; fileRef = FDF1F22418F5C891001B53D0 /* TSweetTrusteesCommunicator.m */; };
		FDF1F23318F5C891001B53D0 /* TSweetResponse.m in Sources */ = {isa = PBXBuildFile; fileRef = FDF1F22618F5C891001B53D0 /* TSweetResponse.m */; };
		FDF1F23418F5C891001B53D0 /* TSweetRest.m in Sources */ = {isa = PBXBuildFile; fileRef = FDF1F22818F5C891001B53D0 /* TSweetRest.m */; };
		FDF1F23518F5C891001B53D0 /* TSweetUsersCommunicator.m in Sources */ = {isa = PBXBuildFile; fileRef = FDF1F22A18F5C891001B53D0 /* TSweetUsersCommunicator.m */; };
/* End PBXBuildFile section */

/* Begin PBXContainerItemProxy section */
		FD54662C18F5A66000BFD409 /* PBXContainerItemProxy */ = {
			isa = PBXContainerItemProxy;
			containerPortal = FD5465FE18F5A66000BFD409 /* Project object */;
			proxyType = 1;
			remoteGlobalIDString = FD54660518F5A66000BFD409;
			remoteInfo = mobile;
		};
/* End PBXContainerItemProxy section */

/* Begin PBXFileReference section */
		35148144AD2E4457BCFD4D21 /* Pods.xcconfig */ = {isa = PBXFileReference; includeInIndex = 1; lastKnownFileType = text.xcconfig; name = Pods.xcconfig; path = Pods/Pods.xcconfig; sourceTree = "<group>"; };
		99E4E867158A40178A8EA74E /* libPods.a */ = {isa = PBXFileReference; explicitFileType = archive.ar; includeInIndex = 0; path = libPods.a; sourceTree = BUILT_PRODUCTS_DIR; };
		FD1F1A16193B5F29009638F5 /* UpdateMemberFirstTimeForm.h */ = {isa = PBXFileReference; fileEncoding = 4; lastKnownFileType = sourcecode.c.h; path = UpdateMemberFirstTimeForm.h; sourceTree = "<group>"; };
		FD1F1A17193B5F29009638F5 /* UpdateMemberFirstTimeForm.m */ = {isa = PBXFileReference; fileEncoding = 4; lastKnownFileType = sourcecode.c.objc; path = UpdateMemberFirstTimeForm.m; sourceTree = "<group>"; };
		FD1F1A19193CAC43009638F5 /* FirstUploadPhotoTableViewController.h */ = {isa = PBXFileReference; fileEncoding = 4; lastKnownFileType = sourcecode.c.h; path = FirstUploadPhotoTableViewController.h; sourceTree = "<group>"; };
		FD1F1A1A193CAC43009638F5 /* FirstUploadPhotoTableViewController.m */ = {isa = PBXFileReference; fileEncoding = 4; lastKnownFileType = sourcecode.c.objc; path = FirstUploadPhotoTableViewController.m; sourceTree = "<group>"; };
		FD48F99519478D7300C8106D /* Images.xcassets */ = {isa = PBXFileReference; lastKnownFileType = folder.assetcatalog; path = Images.xcassets; sourceTree = "<group>"; };
		FD4AF16319293B4A00F41129 /* FXForms.h */ = {isa = PBXFileReference; fileEncoding = 4; lastKnownFileType = sourcecode.c.h; path = FXForms.h; sourceTree = "<group>"; };
		FD4AF16419293B4A00F41129 /* FXForms.m */ = {isa = PBXFileReference; fileEncoding = 4; lastKnownFileType = sourcecode.c.objc; path = FXForms.m; sourceTree = "<group>"; };
		FD4AF16719293C9900F41129 /* AddEventViewController.h */ = {isa = PBXFileReference; fileEncoding = 4; lastKnownFileType = sourcecode.c.h; path = AddEventViewController.h; sourceTree = "<group>"; };
		FD4AF16819293C9900F41129 /* AddEventViewController.m */ = {isa = PBXFileReference; fileEncoding = 4; lastKnownFileType = sourcecode.c.objc; path = AddEventViewController.m; sourceTree = "<group>"; };
		FD4AF16B1929400F00F41129 /* AddEventForm.h */ = {isa = PBXFileReference; fileEncoding = 4; lastKnownFileType = sourcecode.c.h; path = AddEventForm.h; sourceTree = "<group>"; };
		FD4AF16C1929400F00F41129 /* AddEventForm.m */ = {isa = PBXFileReference; fileEncoding = 4; lastKnownFileType = sourcecode.c.objc; path = AddEventForm.m; sourceTree = "<group>"; };
		FD507C1A192C84050077C55A /* AddRelationForm.h */ = {isa = PBXFileReference; fileEncoding = 4; lastKnownFileType = sourcecode.c.h; path = AddRelationForm.h; sourceTree = "<group>"; };
		FD507C1B192C84050077C55A /* AddRelationForm.m */ = {isa = PBXFileReference; fileEncoding = 4; lastKnownFileType = sourcecode.c.objc; path = AddRelationForm.m; sourceTree = "<group>"; };
		FD530C99193D931C00ACFC2A /* TreeTableViewController.h */ = {isa = PBXFileReference; fileEncoding = 4; lastKnownFileType = sourcecode.c.h; path = TreeTableViewController.h; sourceTree = "<group>"; };
		FD530C9A193D931C00ACFC2A /* TreeTableViewController.m */ = {isa = PBXFileReference; fileEncoding = 4; lastKnownFileType = sourcecode.c.objc; path = TreeTableViewController.m; sourceTree = "<group>"; };
		FD530C9C193E792400ACFC2A /* mobile.entitlements */ = {isa = PBXFileReference; lastKnownFileType = text.xml; path = mobile.entitlements; sourceTree = "<group>"; };
		FD530C9D193F13E600ACFC2A /* UITreeNodeTableViewCell.h */ = {isa = PBXFileReference; fileEncoding = 4; lastKnownFileType = sourcecode.c.h; path = UITreeNodeTableViewCell.h; sourceTree = "<group>"; };
		FD530C9E193F13E600ACFC2A /* UITreeNodeTableViewCell.m */ = {isa = PBXFileReference; fileEncoding = 4; lastKnownFileType = sourcecode.c.objc; path = UITreeNodeTableViewCell.m; sourceTree = "<group>"; };
		FD5377C619326D07002A62F0 /* TMemberJob.h */ = {isa = PBXFileReference; fileEncoding = 4; lastKnownFileType = sourcecode.c.h; path = TMemberJob.h; sourceTree = "<group>"; };
		FD5377C719326D07002A62F0 /* TMemberJob.m */ = {isa = PBXFileReference; fileEncoding = 4; lastKnownFileType = sourcecode.c.objc; path = TMemberJob.m; sourceTree = "<group>"; };
		FD5377C9193272FF002A62F0 /* AddMemberJobForm.h */ = {isa = PBXFileReference; fileEncoding = 4; lastKnownFileType = sourcecode.c.h; path = AddMemberJobForm.h; sourceTree = "<group>"; };
		FD5377CA193272FF002A62F0 /* AddMemberJobForm.m */ = {isa = PBXFileReference; fileEncoding = 4; lastKnownFileType = sourcecode.c.objc; path = AddMemberJobForm.m; sourceTree = "<group>"; };
		FD5377CC19327569002A62F0 /* AddMemberJobViewController.h */ = {isa = PBXFileReference; fileEncoding = 4; lastKnownFileType = sourcecode.c.h; path = AddMemberJobViewController.h; sourceTree = "<group>"; };
		FD5377CD19327569002A62F0 /* AddMemberJobViewController.m */ = {isa = PBXFileReference; fileEncoding = 4; lastKnownFileType = sourcecode.c.objc; path = AddMemberJobViewController.m; sourceTree = "<group>"; };
		FD5377D619337DCD002A62F0 /* LocationMapViewController.h */ = {isa = PBXFileReference; fileEncoding = 4; lastKnownFileType = sourcecode.c.h; path = LocationMapViewController.h; sourceTree = "<group>"; };
		FD5377D719337DCD002A62F0 /* LocationMapViewController.m */ = {isa = PBXFileReference; fileEncoding = 4; lastKnownFileType = sourcecode.c.objc; path = LocationMapViewController.m; sourceTree = "<group>"; };
		FD5377D819337DCD002A62F0 /* LocationMapViewController.xib */ = {isa = PBXFileReference; fileEncoding = 4; lastKnownFileType = file.xib; path = LocationMapViewController.xib; sourceTree = "<group>"; };
		FD54660618F5A66000BFD409 /* mobile.app */ = {isa = PBXFileReference; explicitFileType = wrapper.application; includeInIndex = 0; path = mobile.app; sourceTree = BUILT_PRODUCTS_DIR; };
		FD54660918F5A66000BFD409 /* Foundation.framework */ = {isa = PBXFileReference; lastKnownFileType = wrapper.framework; name = Foundation.framework; path = System/Library/Frameworks/Foundation.framework; sourceTree = SDKROOT; };
		FD54660B18F5A66000BFD409 /* CoreGraphics.framework */ = {isa = PBXFileReference; lastKnownFileType = wrapper.framework; name = CoreGraphics.framework; path = System/Library/Frameworks/CoreGraphics.framework; sourceTree = SDKROOT; };
		FD54660D18F5A66000BFD409 /* UIKit.framework */ = {isa = PBXFileReference; lastKnownFileType = wrapper.framework; name = UIKit.framework; path = System/Library/Frameworks/UIKit.framework; sourceTree = SDKROOT; };
		FD54661118F5A66000BFD409 /* mobile-Info.plist */ = {isa = PBXFileReference; lastKnownFileType = text.plist.xml; path = "mobile-Info.plist"; sourceTree = "<group>"; };
		FD54661318F5A66000BFD409 /* en */ = {isa = PBXFileReference; lastKnownFileType = text.plist.strings; name = en; path = en.lproj/InfoPlist.strings; sourceTree = "<group>"; };
		FD54661518F5A66000BFD409 /* main.m */ = {isa = PBXFileReference; lastKnownFileType = sourcecode.c.objc; path = main.m; sourceTree = "<group>"; };
		FD54661718F5A66000BFD409 /* mobile-Prefix.pch */ = {isa = PBXFileReference; lastKnownFileType = sourcecode.c.h; path = "mobile-Prefix.pch"; sourceTree = "<group>"; };
		FD54661818F5A66000BFD409 /* AppDelegate.h */ = {isa = PBXFileReference; lastKnownFileType = sourcecode.c.h; path = AppDelegate.h; sourceTree = "<group>"; };
		FD54661918F5A66000BFD409 /* AppDelegate.m */ = {isa = PBXFileReference; lastKnownFileType = sourcecode.c.objc; path = AppDelegate.m; sourceTree = "<group>"; };
		FD54661C18F5A66000BFD409 /* Base */ = {isa = PBXFileReference; lastKnownFileType = file.storyboard; name = Base; path = Base.lproj/Main.storyboard; sourceTree = "<group>"; };
		FD54662718F5A66000BFD409 /* mobileTests.xctest */ = {isa = PBXFileReference; explicitFileType = wrapper.cfbundle; includeInIndex = 0; path = mobileTests.xctest; sourceTree = BUILT_PRODUCTS_DIR; };
		FD54662818F5A66000BFD409 /* XCTest.framework */ = {isa = PBXFileReference; lastKnownFileType = wrapper.framework; name = XCTest.framework; path = Library/Frameworks/XCTest.framework; sourceTree = DEVELOPER_DIR; };
		FD54663018F5A66000BFD409 /* mobileTests-Info.plist */ = {isa = PBXFileReference; lastKnownFileType = text.plist.xml; path = "mobileTests-Info.plist"; sourceTree = "<group>"; };
		FD54663218F5A66000BFD409 /* en */ = {isa = PBXFileReference; lastKnownFileType = text.plist.strings; name = en; path = en.lproj/InfoPlist.strings; sourceTree = "<group>"; };
		FD54663418F5A66000BFD409 /* mobileTests.m */ = {isa = PBXFileReference; lastKnownFileType = sourcecode.c.objc; path = mobileTests.m; sourceTree = "<group>"; };
		FD54664118F5A76C00BFD409 /* en */ = {isa = PBXFileReference; lastKnownFileType = text.plist.strings; name = en; path = en.lproj/Main.strings; sourceTree = "<group>"; };
		FD576CB018F733B300851F90 /* UpdateInfoFirstTimeViewController.h */ = {isa = PBXFileReference; fileEncoding = 4; lastKnownFileType = sourcecode.c.h; path = UpdateInfoFirstTimeViewController.h; sourceTree = "<group>"; };
		FD576CB118F733B300851F90 /* UpdateInfoFirstTimeViewController.m */ = {isa = PBXFileReference; fileEncoding = 4; lastKnownFileType = sourcecode.c.objc; path = UpdateInfoFirstTimeViewController.m; sourceTree = "<group>"; };
		FD59908A18FEEE1400975F7F /* TMember.h */ = {isa = PBXFileReference; fileEncoding = 4; lastKnownFileType = sourcecode.c.h; path = TMember.h; sourceTree = "<group>"; };
		FD59908B18FEEE1400975F7F /* TMember.m */ = {isa = PBXFileReference; fileEncoding = 4; lastKnownFileType = sourcecode.c.objc; path = TMember.m; sourceTree = "<group>"; };
		FD5A6A80193A36FE00CE9E10 /* SettingsTableViewController.h */ = {isa = PBXFileReference; fileEncoding = 4; lastKnownFileType = sourcecode.c.h; path = SettingsTableViewController.h; sourceTree = "<group>"; };
		FD5A6A81193A36FE00CE9E10 /* SettingsTableViewController.m */ = {isa = PBXFileReference; fileEncoding = 4; lastKnownFileType = sourcecode.c.objc; path = SettingsTableViewController.m; sourceTree = "<group>"; };
		FD5A6A83193A40F900CE9E10 /* FirstHandShakeLoginTableViewController.h */ = {isa = PBXFileReference; fileEncoding = 4; lastKnownFileType = sourcecode.c.h; path = FirstHandShakeLoginTableViewController.h; sourceTree = "<group>"; };
		FD5A6A84193A40F900CE9E10 /* FirstHandShakeLoginTableViewController.m */ = {isa = PBXFileReference; fileEncoding = 4; lastKnownFileType = sourcecode.c.objc; path = FirstHandShakeLoginTableViewController.m; sourceTree = "<group>"; };
		FD5A6A86193A844900CE9E10 /* SecondHandShakeLoginTableViewController.h */ = {isa = PBXFileReference; fileEncoding = 4; lastKnownFileType = sourcecode.c.h; path = SecondHandShakeLoginTableViewController.h; sourceTree = "<group>"; };
		FD5A6A87193A844900CE9E10 /* SecondHandShakeLoginTableViewController.m */ = {isa = PBXFileReference; fileEncoding = 4; lastKnownFileType = sourcecode.c.objc; path = SecondHandShakeLoginTableViewController.m; sourceTree = "<group>"; };
		FD5AA143191AAD6700C44F81 /* CircleViewController.h */ = {isa = PBXFileReference; fileEncoding = 4; lastKnownFileType = sourcecode.c.h; path = CircleViewController.h; sourceTree = "<group>"; };
		FD5AA144191AAD6700C44F81 /* CircleViewController.m */ = {isa = PBXFileReference; fileEncoding = 4; lastKnownFileType = sourcecode.c.objc; path = CircleViewController.m; sourceTree = "<group>"; };
		FD5BA849192AB0B300B37FCC /* TEvent.h */ = {isa = PBXFileReference; fileEncoding = 4; lastKnownFileType = sourcecode.c.h; path = TEvent.h; sourceTree = "<group>"; };
		FD5BA84A192AB0B300B37FCC /* TEvent.m */ = {isa = PBXFileReference; fileEncoding = 4; lastKnownFileType = sourcecode.c.objc; path = TEvent.m; sourceTree = "<group>"; };
		FD61900E19262009004DF6C4 /* EventsTableViewController.h */ = {isa = PBXFileReference; fileEncoding = 4; lastKnownFileType = sourcecode.c.h; path = EventsTableViewController.h; sourceTree = "<group>"; };
		FD61900F19262009004DF6C4 /* EventsTableViewController.m */ = {isa = PBXFileReference; fileEncoding = 4; lastKnownFileType = sourcecode.c.objc; path = EventsTableViewController.m; sourceTree = "<group>"; };
		FD635C631934FE4E007B3AAE /* CommentsTableViewController.h */ = {isa = PBXFileReference; fileEncoding = 4; lastKnownFileType = sourcecode.c.h; path = CommentsTableViewController.h; sourceTree = "<group>"; };
		FD635C641934FE4E007B3AAE /* CommentsTableViewController.m */ = {isa = PBXFileReference; fileEncoding = 4; lastKnownFileType = sourcecode.c.objc; path = CommentsTableViewController.m; sourceTree = "<group>"; };
		FD635C6919352B35007B3AAE /* UITabInputView.h */ = {isa = PBXFileReference; fileEncoding = 4; lastKnownFileType = sourcecode.c.h; path = UITabInputView.h; sourceTree = "<group>"; };
		FD635C6A19352B35007B3AAE /* UITabInputView.m */ = {isa = PBXFileReference; fileEncoding = 4; lastKnownFileType = sourcecode.c.objc; path = UITabInputView.m; sourceTree = "<group>"; };
		FD68D62C192B6C2D003ABCFF /* TMemberRelation.h */ = {isa = PBXFileReference; fileEncoding = 4; lastKnownFileType = sourcecode.c.h; path = TMemberRelation.h; sourceTree = "<group>"; };
		FD68D62D192B6C2D003ABCFF /* TMemberRelation.m */ = {isa = PBXFileReference; fileEncoding = 4; lastKnownFileType = sourcecode.c.objc; path = TMemberRelation.m; sourceTree = "<group>"; };
		FD697A0819448EBE00D571E2 /* UpdateMemberInfoForm.h */ = {isa = PBXFileReference; fileEncoding = 4; lastKnownFileType = sourcecode.c.h; path = UpdateMemberInfoForm.h; sourceTree = "<group>"; };
		FD697A0919448EBE00D571E2 /* UpdateMemberInfoForm.m */ = {isa = PBXFileReference; fileEncoding = 4; lastKnownFileType = sourcecode.c.objc; path = UpdateMemberInfoForm.m; sourceTree = "<group>"; };
		FD697A0B1944A63600D571E2 /* UpdateMemberInfoViewController.h */ = {isa = PBXFileReference; fileEncoding = 4; lastKnownFileType = sourcecode.c.h; path = UpdateMemberInfoViewController.h; sourceTree = "<group>"; };
		FD697A0C1944A63600D571E2 /* UpdateMemberInfoViewController.m */ = {isa = PBXFileReference; fileEncoding = 4; lastKnownFileType = sourcecode.c.objc; path = UpdateMemberInfoViewController.m; sourceTree = "<group>"; };
		FD7AB76C190ABCC700E302B8 /* ViewMemberTableViewController.h */ = {isa = PBXFileReference; fileEncoding = 4; lastKnownFileType = sourcecode.c.h; path = ViewMemberTableViewController.h; sourceTree = "<group>"; };
		FD7AB76D190ABCC700E302B8 /* ViewMemberTableViewController.m */ = {isa = PBXFileReference; fileEncoding = 4; lastKnownFileType = sourcecode.c.objc; path = ViewMemberTableViewController.m; sourceTree = "<group>"; };
		FD7AB76F190B04E400E302B8 /* CirclesTableViewController.h */ = {isa = PBXFileReference; fileEncoding = 4; lastKnownFileType = sourcecode.c.h; path = CirclesTableViewController.h; sourceTree = "<group>"; };
		FD7AB770190B04E400E302B8 /* CirclesTableViewController.m */ = {isa = PBXFileReference; fileEncoding = 4; lastKnownFileType = sourcecode.c.objc; path = CirclesTableViewController.m; sourceTree = "<group>"; };
		FD81B89B1907F50D0037B479 /* Security.framework */ = {isa = PBXFileReference; lastKnownFileType = wrapper.framework; name = Security.framework; path = System/Library/Frameworks/Security.framework; sourceTree = SDKROOT; };
		FD81B89D1907F83B0037B479 /* readme.md */ = {isa = PBXFileReference; fileEncoding = 4; lastKnownFileType = text; path = readme.md; sourceTree = "<group>"; };
		FD85CB10191CE808003707AC /* TCircle.h */ = {isa = PBXFileReference; fileEncoding = 4; lastKnownFileType = sourcecode.c.h; path = TCircle.h; sourceTree = "<group>"; };
		FD85CB11191CE808003707AC /* TCircle.m */ = {isa = PBXFileReference; fileEncoding = 4; lastKnownFileType = sourcecode.c.objc; path = TCircle.m; sourceTree = "<group>"; };
		FD96ECD2194B89FF0030F6BE /* CircleChatsTableViewController.h */ = {isa = PBXFileReference; fileEncoding = 4; lastKnownFileType = sourcecode.c.h; path = CircleChatsTableViewController.h; sourceTree = "<group>"; };
		FD96ECD3194B89FF0030F6BE /* CircleChatsTableViewController.m */ = {isa = PBXFileReference; fileEncoding = 4; lastKnownFileType = sourcecode.c.objc; path = CircleChatsTableViewController.m; sourceTree = "<group>"; };
		FD96ECD5194BE5C20030F6BE /* TMessage.h */ = {isa = PBXFileReference; fileEncoding = 4; lastKnownFileType = sourcecode.c.h; path = TMessage.h; sourceTree = "<group>"; };
		FD96ECD6194BE5C20030F6BE /* TMessage.m */ = {isa = PBXFileReference; fileEncoding = 4; lastKnownFileType = sourcecode.c.objc; path = TMessage.m; sourceTree = "<group>"; };
		FD96ECD8194CE9990030F6BE /* TMessageMedia.h */ = {isa = PBXFileReference; fileEncoding = 4; lastKnownFileType = sourcecode.c.h; path = TMessageMedia.h; sourceTree = "<group>"; };
		FD96ECD9194CE9990030F6BE /* TMessageMedia.m */ = {isa = PBXFileReference; fileEncoding = 4; lastKnownFileType = sourcecode.c.objc; path = TMessageMedia.m; sourceTree = "<group>"; };
		FD96ECDB194F24A90030F6BE /* ViewCircleStatsTableViewController.h */ = {isa = PBXFileReference; fileEncoding = 4; lastKnownFileType = sourcecode.c.h; path = ViewCircleStatsTableViewController.h; sourceTree = "<group>"; };
		FD96ECDC194F24A90030F6BE /* ViewCircleStatsTableViewController.m */ = {isa = PBXFileReference; fileEncoding = 4; lastKnownFileType = sourcecode.c.objc; path = ViewCircleStatsTableViewController.m; sourceTree = "<group>"; };
		FD96ECF8195219F00030F6BE /* AddressBook.framework */ = {isa = PBXFileReference; lastKnownFileType = wrapper.framework; name = AddressBook.framework; path = System/Library/Frameworks/AddressBook.framework; sourceTree = SDKROOT; };
		FD96ECFA195219F60030F6BE /* AddressBookUI.framework */ = {isa = PBXFileReference; lastKnownFileType = wrapper.framework; name = AddressBookUI.framework; path = System/Library/Frameworks/AddressBookUI.framework; sourceTree = SDKROOT; };
		FD96ECFC195389BC0030F6BE /* AddCircleTableViewController.h */ = {isa = PBXFileReference; fileEncoding = 4; lastKnownFileType = sourcecode.c.h; path = AddCircleTableViewController.h; sourceTree = "<group>"; };
		FD96ECFD195389BC0030F6BE /* AddCircleTableViewController.m */ = {isa = PBXFileReference; fileEncoding = 4; lastKnownFileType = sourcecode.c.objc; path = AddCircleTableViewController.m; sourceTree = "<group>"; };
		FD9C71001905812A0091849B /* AddRelationViewController.h */ = {isa = PBXFileReference; fileEncoding = 4; lastKnownFileType = sourcecode.c.h; path = AddRelationViewController.h; sourceTree = "<group>"; };
		FD9C71011905812A0091849B /* AddRelationViewController.m */ = {isa = PBXFileReference; fileEncoding = 4; lastKnownFileType = sourcecode.c.objc; path = AddRelationViewController.m; sourceTree = "<group>"; };
		FD9F4C951926980800D10C09 /* MapKit.framework */ = {isa = PBXFileReference; lastKnownFileType = wrapper.framework; name = MapKit.framework; path = System/Library/Frameworks/MapKit.framework; sourceTree = SDKROOT; };
		FDA0E19519364FE300F31A0A /* TComment.h */ = {isa = PBXFileReference; fileEncoding = 4; lastKnownFileType = sourcecode.c.h; path = TComment.h; sourceTree = "<group>"; };
		FDA0E19619364FE300F31A0A /* TComment.m */ = {isa = PBXFileReference; fileEncoding = 4; lastKnownFileType = sourcecode.c.objc; path = TComment.m; sourceTree = "<group>"; };
		FDA0E198193741B300F31A0A /* ViewMediasViewController.h */ = {isa = PBXFileReference; fileEncoding = 4; lastKnownFileType = sourcecode.c.h; path = ViewMediasViewController.h; sourceTree = "<group>"; };
		FDA0E199193741B300F31A0A /* ViewMediasViewController.m */ = {isa = PBXFileReference; fileEncoding = 4; lastKnownFileType = sourcecode.c.objc; path = ViewMediasViewController.m; sourceTree = "<group>"; };
		FDA0E19E1937A35B00F31A0A /* ViewMediaTableViewController.h */ = {isa = PBXFileReference; fileEncoding = 4; lastKnownFileType = sourcecode.c.h; path = ViewMediaTableViewController.h; sourceTree = "<group>"; };
		FDA0E19F1937A35B00F31A0A /* ViewMediaTableViewController.m */ = {isa = PBXFileReference; fileEncoding = 4; lastKnownFileType = sourcecode.c.objc; path = ViewMediaTableViewController.m; sourceTree = "<group>"; };
		FDA0E1A21937CC9E00F31A0A /* UIMultiColumnsTableViewCell.h */ = {isa = PBXFileReference; fileEncoding = 4; lastKnownFileType = sourcecode.c.h; path = UIMultiColumnsTableViewCell.h; sourceTree = "<group>"; };
		FDA0E1A31937CC9E00F31A0A /* UIMultiColumnsTableViewCell.m */ = {isa = PBXFileReference; fileEncoding = 4; lastKnownFileType = sourcecode.c.objc; path = UIMultiColumnsTableViewCell.m; sourceTree = "<group>"; };
		FDA9B0F51921320B0015BF8C /* CircleMembersTableViewController.h */ = {isa = PBXFileReference; fileEncoding = 4; lastKnownFileType = sourcecode.c.h; path = CircleMembersTableViewController.h; sourceTree = "<group>"; };
		FDA9B0F61921320B0015BF8C /* CircleMembersTableViewController.m */ = {isa = PBXFileReference; fileEncoding = 4; lastKnownFileType = sourcecode.c.objc; path = CircleMembersTableViewController.m; sourceTree = "<group>"; };
		FDD150FD192FCC3E00BC41E5 /* TAccess.h */ = {isa = PBXFileReference; fileEncoding = 4; lastKnownFileType = sourcecode.c.h; path = TAccess.h; sourceTree = "<group>"; };
		FDD150FE192FCC3E00BC41E5 /* TAccess.m */ = {isa = PBXFileReference; fileEncoding = 4; lastKnownFileType = sourcecode.c.objc; path = TAccess.m; sourceTree = "<group>"; };
		FDD15100192FCD1A00BC41E5 /* TAction.h */ = {isa = PBXFileReference; fileEncoding = 4; lastKnownFileType = sourcecode.c.h; path = TAction.h; sourceTree = "<group>"; };
		FDD15101192FCD1A00BC41E5 /* TAction.m */ = {isa = PBXFileReference; fileEncoding = 4; lastKnownFileType = sourcecode.c.objc; path = TAction.m; sourceTree = "<group>"; };
		FDD15103192FCEA400BC41E5 /* TCircleEventMember.h */ = {isa = PBXFileReference; fileEncoding = 4; lastKnownFileType = sourcecode.c.h; path = TCircleEventMember.h; sourceTree = "<group>"; };
		FDD15104192FCEA400BC41E5 /* TCircleEventMember.m */ = {isa = PBXFileReference; fileEncoding = 4; lastKnownFileType = sourcecode.c.objc; path = TCircleEventMember.m; sourceTree = "<group>"; };
		FDD15106192FCF7900BC41E5 /* TCircleMessageMember.h */ = {isa = PBXFileReference; fileEncoding = 4; lastKnownFileType = sourcecode.c.h; path = TCircleMessageMember.h; sourceTree = "<group>"; };
		FDD15107192FCF7900BC41E5 /* TCircleMessageMember.m */ = {isa = PBXFileReference; fileEncoding = 4; lastKnownFileType = sourcecode.c.objc; path = TCircleMessageMember.m; sourceTree = "<group>"; };
		FDD15109192FD35300BC41E5 /* TEducationMajor.h */ = {isa = PBXFileReference; fileEncoding = 4; lastKnownFileType = sourcecode.c.h; path = TEducationMajor.h; sourceTree = "<group>"; };
		FDD1510A192FD35300BC41E5 /* TEducationMajor.m */ = {isa = PBXFileReference; fileEncoding = 4; lastKnownFileType = sourcecode.c.objc; path = TEducationMajor.m; sourceTree = "<group>"; };
		FDD1510C192FDA9700BC41E5 /* TEventMedia.h */ = {isa = PBXFileReference; fileEncoding = 4; lastKnownFileType = sourcecode.c.h; path = TEventMedia.h; sourceTree = "<group>"; };
		FDD1510D192FDA9700BC41E5 /* TEventMedia.m */ = {isa = PBXFileReference; fileEncoding = 4; lastKnownFileType = sourcecode.c.objc; path = TEventMedia.m; sourceTree = "<group>"; };
		FDD1510F192FDB7300BC41E5 /* TJobCompany.h */ = {isa = PBXFileReference; fileEncoding = 4; lastKnownFileType = sourcecode.c.h; path = TJobCompany.h; sourceTree = "<group>"; };
		FDD15110192FDB7300BC41E5 /* TJobCompany.m */ = {isa = PBXFileReference; fileEncoding = 4; lastKnownFileType = sourcecode.c.objc; path = TJobCompany.m; sourceTree = "<group>"; };
		FDD15112192FDEA400BC41E5 /* TMedia.h */ = {isa = PBXFileReference; fileEncoding = 4; lastKnownFileType = sourcecode.c.h; path = TMedia.h; sourceTree = "<group>"; };
		FDD15113192FDEA400BC41E5 /* TMedia.m */ = {isa = PBXFileReference; fileEncoding = 4; lastKnownFileType = sourcecode.c.objc; path = TMedia.m; sourceTree = "<group>"; };
		FDD15115192FDF8E00BC41E5 /* TMemberCircle.h */ = {isa = PBXFileReference; fileEncoding = 4; lastKnownFileType = sourcecode.c.h; path = TMemberCircle.h; sourceTree = "<group>"; };
		FDD15116192FDF8E00BC41E5 /* TMemberCircle.m */ = {isa = PBXFileReference; fileEncoding = 4; lastKnownFileType = sourcecode.c.objc; path = TMemberCircle.m; sourceTree = "<group>"; };
		FDD15118192FE1BE00BC41E5 /* TMemberEducation.h */ = {isa = PBXFileReference; fileEncoding = 4; lastKnownFileType = sourcecode.c.h; path = TMemberEducation.h; sourceTree = "<group>"; };
		FDD15119192FE1BE00BC41E5 /* TMemberEducation.m */ = {isa = PBXFileReference; fileEncoding = 4; lastKnownFileType = sourcecode.c.objc; path = TMemberEducation.m; sourceTree = "<group>"; };
		FDD1511B192FFEA100BC41E5 /* AddMemberEducationViewController.h */ = {isa = PBXFileReference; fileEncoding = 4; lastKnownFileType = sourcecode.c.h; path = AddMemberEducationViewController.h; sourceTree = "<group>"; };
		FDD1511C192FFEA100BC41E5 /* AddMemberEducationViewController.m */ = {isa = PBXFileReference; fileEncoding = 4; lastKnownFileType = sourcecode.c.objc; path = AddMemberEducationViewController.m; sourceTree = "<group>"; };
		FDD1511E192FFF2F00BC41E5 /* AddMemberEducationForm.h */ = {isa = PBXFileReference; fileEncoding = 4; lastKnownFileType = sourcecode.c.h; path = AddMemberEducationForm.h; sourceTree = "<group>"; };
		FDD1511F192FFF2F00BC41E5 /* AddMemberEducationForm.m */ = {isa = PBXFileReference; fileEncoding = 4; lastKnownFileType = sourcecode.c.objc; path = AddMemberEducationForm.m; sourceTree = "<group>"; };
		FDE4A88E1933C8FF00E3B866 /* ViewEventTableViewController.h */ = {isa = PBXFileReference; fileEncoding = 4; lastKnownFileType = sourcecode.c.h; path = ViewEventTableViewController.h; sourceTree = "<group>"; };
		FDE4A88F1933C8FF00E3B866 /* ViewEventTableViewController.m */ = {isa = PBXFileReference; fileEncoding = 4; lastKnownFileType = sourcecode.c.objc; path = ViewEventTableViewController.m; sourceTree = "<group>"; };
		FDF1F21418F5C891001B53D0 /* TSweet-Prefix.pch */ = {isa = PBXFileReference; fileEncoding = 4; lastKnownFileType = sourcecode.c.h; path = "TSweet-Prefix.pch"; sourceTree = "<group>"; };
		FDF1F21518F5C891001B53D0 /* TSweetAutoCompletesCommunicator.h */ = {isa = PBXFileReference; fileEncoding = 4; lastKnownFileType = sourcecode.c.h; path = TSweetAutoCompletesCommunicator.h; sourceTree = "<group>"; };
		FDF1F21618F5C891001B53D0 /* TSweetAutoCompletesCommunicator.m */ = {isa = PBXFileReference; fileEncoding = 4; lastKnownFileType = sourcecode.c.objc; path = TSweetAutoCompletesCommunicator.m; sourceTree = "<group>"; };
		FDF1F21718F5C891001B53D0 /* TSweetCirclesCommunicator.h */ = {isa = PBXFileReference; fileEncoding = 4; lastKnownFileType = sourcecode.c.h; path = TSweetCirclesCommunicator.h; sourceTree = "<group>"; };
		FDF1F21818F5C891001B53D0 /* TSweetCirclesCommunicator.m */ = {isa = PBXFileReference; fileEncoding = 4; lastKnownFileType = sourcecode.c.objc; path = TSweetCirclesCommunicator.m; sourceTree = "<group>"; };
		FDF1F21918F5C891001B53D0 /* TSweetEventsCommunicator.h */ = {isa = PBXFileReference; fileEncoding = 4; lastKnownFileType = sourcecode.c.h; path = TSweetEventsCommunicator.h; sourceTree = "<group>"; };
		FDF1F21A18F5C891001B53D0 /* TSweetEventsCommunicator.m */ = {isa = PBXFileReference; fileEncoding = 4; lastKnownFileType = sourcecode.c.objc; path = TSweetEventsCommunicator.m; sourceTree = "<group>"; };
		FDF1F21B18F5C891001B53D0 /* TSweetMediasCommunicator.h */ = {isa = PBXFileReference; fileEncoding = 4; lastKnownFileType = sourcecode.c.h; path = TSweetMediasCommunicator.h; sourceTree = "<group>"; };
		FDF1F21C18F5C891001B53D0 /* TSweetMediasCommunicator.m */ = {isa = PBXFileReference; fileEncoding = 4; lastKnownFileType = sourcecode.c.objc; path = TSweetMediasCommunicator.m; sourceTree = "<group>"; };
		FDF1F21D18F5C891001B53D0 /* TSweetMembersCommunicator.h */ = {isa = PBXFileReference; fileEncoding = 4; lastKnownFileType = sourcecode.c.h; path = TSweetMembersCommunicator.h; sourceTree = "<group>"; };
		FDF1F21E18F5C891001B53D0 /* TSweetMembersCommunicator.m */ = {isa = PBXFileReference; fileEncoding = 4; lastKnownFileType = sourcecode.c.objc; path = TSweetMembersCommunicator.m; sourceTree = "<group>"; };
		FDF1F21F18F5C891001B53D0 /* TSweetMessagesCommunicator.h */ = {isa = PBXFileReference; fileEncoding = 4; lastKnownFileType = sourcecode.c.h; path = TSweetMessagesCommunicator.h; sourceTree = "<group>"; };
		FDF1F22018F5C891001B53D0 /* TSweetMessagesCommunicator.m */ = {isa = PBXFileReference; fileEncoding = 4; lastKnownFileType = sourcecode.c.objc; path = TSweetMessagesCommunicator.m; sourceTree = "<group>"; };
		FDF1F22118F5C891001B53D0 /* TSweetSocialMediasCommunicator.h */ = {isa = PBXFileReference; fileEncoding = 4; lastKnownFileType = sourcecode.c.h; path = TSweetSocialMediasCommunicator.h; sourceTree = "<group>"; };
		FDF1F22218F5C891001B53D0 /* TSweetSocialMediasCommunicator.m */ = {isa = PBXFileReference; fileEncoding = 4; lastKnownFileType = sourcecode.c.objc; path = TSweetSocialMediasCommunicator.m; sourceTree = "<group>"; };
		FDF1F22318F5C891001B53D0 /* TSweetTrusteesCommunicator.h */ = {isa = PBXFileReference; fileEncoding = 4; lastKnownFileType = sourcecode.c.h; path = TSweetTrusteesCommunicator.h; sourceTree = "<group>"; };
		FDF1F22418F5C891001B53D0 /* TSweetTrusteesCommunicator.m */ = {isa = PBXFileReference; fileEncoding = 4; lastKnownFileType = sourcecode.c.objc; path = TSweetTrusteesCommunicator.m; sourceTree = "<group>"; };
		FDF1F22518F5C891001B53D0 /* TSweetResponse.h */ = {isa = PBXFileReference; fileEncoding = 4; lastKnownFileType = sourcecode.c.h; path = TSweetResponse.h; sourceTree = "<group>"; };
		FDF1F22618F5C891001B53D0 /* TSweetResponse.m */ = {isa = PBXFileReference; fileEncoding = 4; lastKnownFileType = sourcecode.c.objc; path = TSweetResponse.m; sourceTree = "<group>"; };
		FDF1F22718F5C891001B53D0 /* TSweetRest.h */ = {isa = PBXFileReference; fileEncoding = 4; lastKnownFileType = sourcecode.c.h; path = TSweetRest.h; sourceTree = "<group>"; };
		FDF1F22818F5C891001B53D0 /* TSweetRest.m */ = {isa = PBXFileReference; fileEncoding = 4; lastKnownFileType = sourcecode.c.objc; path = TSweetRest.m; sourceTree = "<group>"; };
		FDF1F22918F5C891001B53D0 /* TSweetUsersCommunicator.h */ = {isa = PBXFileReference; fileEncoding = 4; lastKnownFileType = sourcecode.c.h; path = TSweetUsersCommunicator.h; sourceTree = "<group>"; };
		FDF1F22A18F5C891001B53D0 /* TSweetUsersCommunicator.m */ = {isa = PBXFileReference; fileEncoding = 4; lastKnownFileType = sourcecode.c.objc; path = TSweetUsersCommunicator.m; sourceTree = "<group>"; };
/* End PBXFileReference section */

/* Begin PBXFrameworksBuildPhase section */
		FD54660318F5A66000BFD409 /* Frameworks */ = {
			isa = PBXFrameworksBuildPhase;
			buildActionMask = 2147483647;
			files = (
				FD96ECFB195219F60030F6BE /* AddressBookUI.framework in Frameworks */,
				FD96ECF9195219F00030F6BE /* AddressBook.framework in Frameworks */,
				FD9F4C961926980800D10C09 /* MapKit.framework in Frameworks */,
				FD81B89C1907F50D0037B479 /* Security.framework in Frameworks */,
				FD54660C18F5A66000BFD409 /* CoreGraphics.framework in Frameworks */,
				FD54660E18F5A66000BFD409 /* UIKit.framework in Frameworks */,
				FD54660A18F5A66000BFD409 /* Foundation.framework in Frameworks */,
				D64A9436371444F48143C767 /* libPods.a in Frameworks */,
			);
			runOnlyForDeploymentPostprocessing = 0;
		};
		FD54662418F5A66000BFD409 /* Frameworks */ = {
			isa = PBXFrameworksBuildPhase;
			buildActionMask = 2147483647;
			files = (
				FD54662918F5A66000BFD409 /* XCTest.framework in Frameworks */,
				FD54662B18F5A66000BFD409 /* UIKit.framework in Frameworks */,
				FD54662A18F5A66000BFD409 /* Foundation.framework in Frameworks */,
			);
			runOnlyForDeploymentPostprocessing = 0;
		};
/* End PBXFrameworksBuildPhase section */

/* Begin PBXGroup section */
		FD0C3E581934834E001A5DB2 /* Cells */ = {
			isa = PBXGroup;
			children = (
				FDA0E1A21937CC9E00F31A0A /* UIMultiColumnsTableViewCell.h */,
				FDA0E1A31937CC9E00F31A0A /* UIMultiColumnsTableViewCell.m */,
				FD530C9D193F13E600ACFC2A /* UITreeNodeTableViewCell.h */,
				FD530C9E193F13E600ACFC2A /* UITreeNodeTableViewCell.m */,
			);
			name = Cells;
			sourceTree = "<group>";
		};
		FD4AF16619293B5500F41129 /* FXForms */ = {
			isa = PBXGroup;
			children = (
				FD4AF16319293B4A00F41129 /* FXForms.h */,
				FD4AF16419293B4A00F41129 /* FXForms.m */,
			);
			name = FXForms;
			sourceTree = "<group>";
		};
		FD4AF16A19293E5900F41129 /* Forms */ = {
			isa = PBXGroup;
			children = (
				FD5377D519337D95002A62F0 /* ViewControllers */,
				FD4AF16B1929400F00F41129 /* AddEventForm.h */,
				FD4AF16C1929400F00F41129 /* AddEventForm.m */,
				FD507C1A192C84050077C55A /* AddRelationForm.h */,
				FD507C1B192C84050077C55A /* AddRelationForm.m */,
				FDD1511E192FFF2F00BC41E5 /* AddMemberEducationForm.h */,
				FDD1511F192FFF2F00BC41E5 /* AddMemberEducationForm.m */,
				FD5377C9193272FF002A62F0 /* AddMemberJobForm.h */,
				FD5377CA193272FF002A62F0 /* AddMemberJobForm.m */,
				FD1F1A16193B5F29009638F5 /* UpdateMemberFirstTimeForm.h */,
				FD1F1A17193B5F29009638F5 /* UpdateMemberFirstTimeForm.m */,
				FD697A0819448EBE00D571E2 /* UpdateMemberInfoForm.h */,
				FD697A0919448EBE00D571E2 /* UpdateMemberInfoForm.m */,
			);
			name = Forms;
			sourceTree = "<group>";
		};
		FD5377D519337D95002A62F0 /* ViewControllers */ = {
			isa = PBXGroup;
			children = (
				FD5377D619337DCD002A62F0 /* LocationMapViewController.h */,
				FD5377D719337DCD002A62F0 /* LocationMapViewController.m */,
				FD5377D819337DCD002A62F0 /* LocationMapViewController.xib */,
			);
			name = ViewControllers;
			sourceTree = "<group>";
		};
		FD5465FD18F5A66000BFD409 = {
			isa = PBXGroup;
			children = (
				FD81B89D1907F83B0037B479 /* readme.md */,
				FD54660F18F5A66000BFD409 /* mobile */,
				FD54662E18F5A66000BFD409 /* mobileTests */,
				FD54660818F5A66000BFD409 /* Frameworks */,
				FD54660718F5A66000BFD409 /* Products */,
				35148144AD2E4457BCFD4D21 /* Pods.xcconfig */,
			);
			sourceTree = "<group>";
		};
		FD54660718F5A66000BFD409 /* Products */ = {
			isa = PBXGroup;
			children = (
				FD54660618F5A66000BFD409 /* mobile.app */,
				FD54662718F5A66000BFD409 /* mobileTests.xctest */,
			);
			name = Products;
			sourceTree = "<group>";
		};
		FD54660818F5A66000BFD409 /* Frameworks */ = {
			isa = PBXGroup;
			children = (
				FD96ECFA195219F60030F6BE /* AddressBookUI.framework */,
				FD96ECF8195219F00030F6BE /* AddressBook.framework */,
				FD9F4C951926980800D10C09 /* MapKit.framework */,
				FD81B89B1907F50D0037B479 /* Security.framework */,
				FD54660918F5A66000BFD409 /* Foundation.framework */,
				FD54660B18F5A66000BFD409 /* CoreGraphics.framework */,
				FD54660D18F5A66000BFD409 /* UIKit.framework */,
				FD54662818F5A66000BFD409 /* XCTest.framework */,
				99E4E867158A40178A8EA74E /* libPods.a */,
			);
			name = Frameworks;
			sourceTree = "<group>";
		};
		FD54660F18F5A66000BFD409 /* mobile */ = {
			isa = PBXGroup;
			children = (
				FD530C9C193E792400ACFC2A /* mobile.entitlements */,
				FD4AF16A19293E5900F41129 /* Forms */,
				FD59908918FEEDFA00975F7F /* Models */,
				FD58983A18FEC7E700A9172F /* Views */,
				FD54664918F5AEDC00BFD409 /* Libraries */,
				FD54663F18F5A6FE00BFD409 /* ViewControllers */,
				FD54661818F5A66000BFD409 /* AppDelegate.h */,
				FD54661918F5A66000BFD409 /* AppDelegate.m */,
				FD48F99519478D7300C8106D /* Images.xcassets */,
				FD54661B18F5A66000BFD409 /* Main.storyboard */,
				FD54661018F5A66000BFD409 /* Supporting Files */,
			);
			path = mobile;
			sourceTree = "<group>";
		};
		FD54661018F5A66000BFD409 /* Supporting Files */ = {
			isa = PBXGroup;
			children = (
				FD54661118F5A66000BFD409 /* mobile-Info.plist */,
				FD54661218F5A66000BFD409 /* InfoPlist.strings */,
				FD54661518F5A66000BFD409 /* main.m */,
				FD54661718F5A66000BFD409 /* mobile-Prefix.pch */,
			);
			name = "Supporting Files";
			sourceTree = "<group>";
		};
		FD54662E18F5A66000BFD409 /* mobileTests */ = {
			isa = PBXGroup;
			children = (
				FD54663418F5A66000BFD409 /* mobileTests.m */,
				FD54662F18F5A66000BFD409 /* Supporting Files */,
			);
			path = mobileTests;
			sourceTree = "<group>";
		};
		FD54662F18F5A66000BFD409 /* Supporting Files */ = {
			isa = PBXGroup;
			children = (
				FD54663018F5A66000BFD409 /* mobileTests-Info.plist */,
				FD54663118F5A66000BFD409 /* InfoPlist.strings */,
			);
			name = "Supporting Files";
			sourceTree = "<group>";
		};
		FD54663F18F5A6FE00BFD409 /* ViewControllers */ = {
			isa = PBXGroup;
			children = (
				FD96ECDB194F24A90030F6BE /* ViewCircleStatsTableViewController.h */,
				FD96ECDC194F24A90030F6BE /* ViewCircleStatsTableViewController.m */,
				FD96ECD2194B89FF0030F6BE /* CircleChatsTableViewController.h */,
				FD96ECD3194B89FF0030F6BE /* CircleChatsTableViewController.m */,
				FD530C99193D931C00ACFC2A /* TreeTableViewController.h */,
				FD530C9A193D931C00ACFC2A /* TreeTableViewController.m */,
				FD5A6A83193A40F900CE9E10 /* FirstHandShakeLoginTableViewController.h */,
				FD5A6A84193A40F900CE9E10 /* FirstHandShakeLoginTableViewController.m */,
				FDA0E198193741B300F31A0A /* ViewMediasViewController.h */,
				FDA0E199193741B300F31A0A /* ViewMediasViewController.m */,
				FD5AA143191AAD6700C44F81 /* CircleViewController.h */,
				FD5AA144191AAD6700C44F81 /* CircleViewController.m */,
				FD7AB76C190ABCC700E302B8 /* ViewMemberTableViewController.h */,
				FD7AB76D190ABCC700E302B8 /* ViewMemberTableViewController.m */,
				FD9C71001905812A0091849B /* AddRelationViewController.h */,
				FD9C71011905812A0091849B /* AddRelationViewController.m */,
				FD576CB018F733B300851F90 /* UpdateInfoFirstTimeViewController.h */,
				FD576CB118F733B300851F90 /* UpdateInfoFirstTimeViewController.m */,
				FD7AB76F190B04E400E302B8 /* CirclesTableViewController.h */,
				FD7AB770190B04E400E302B8 /* CirclesTableViewController.m */,
				FDA9B0F51921320B0015BF8C /* CircleMembersTableViewController.h */,
				FDA9B0F61921320B0015BF8C /* CircleMembersTableViewController.m */,
				FD61900E19262009004DF6C4 /* EventsTableViewController.h */,
				FD61900F19262009004DF6C4 /* EventsTableViewController.m */,
				FD4AF16719293C9900F41129 /* AddEventViewController.h */,
				FD4AF16819293C9900F41129 /* AddEventViewController.m */,
				FDD1511B192FFEA100BC41E5 /* AddMemberEducationViewController.h */,
				FDD1511C192FFEA100BC41E5 /* AddMemberEducationViewController.m */,
				FD5377CC19327569002A62F0 /* AddMemberJobViewController.h */,
				FD5377CD19327569002A62F0 /* AddMemberJobViewController.m */,
				FDE4A88E1933C8FF00E3B866 /* ViewEventTableViewController.h */,
				FDE4A88F1933C8FF00E3B866 /* ViewEventTableViewController.m */,
				FD635C631934FE4E007B3AAE /* CommentsTableViewController.h */,
				FD635C641934FE4E007B3AAE /* CommentsTableViewController.m */,
				FDA0E19E1937A35B00F31A0A /* ViewMediaTableViewController.h */,
				FDA0E19F1937A35B00F31A0A /* ViewMediaTableViewController.m */,
				FD5A6A80193A36FE00CE9E10 /* SettingsTableViewController.h */,
				FD5A6A81193A36FE00CE9E10 /* SettingsTableViewController.m */,
				FD5A6A86193A844900CE9E10 /* SecondHandShakeLoginTableViewController.h */,
				FD5A6A87193A844900CE9E10 /* SecondHandShakeLoginTableViewController.m */,
				FD1F1A19193CAC43009638F5 /* FirstUploadPhotoTableViewController.h */,
				FD1F1A1A193CAC43009638F5 /* FirstUploadPhotoTableViewController.m */,
				FD697A0B1944A63600D571E2 /* UpdateMemberInfoViewController.h */,
				FD697A0C1944A63600D571E2 /* UpdateMemberInfoViewController.m */,
				FD96ECFC195389BC0030F6BE /* AddCircleTableViewController.h */,
				FD96ECFD195389BC0030F6BE /* AddCircleTableViewController.m */,
			);
			name = ViewControllers;
			sourceTree = "<group>";
		};
		FD54664918F5AEDC00BFD409 /* Libraries */ = {
			isa = PBXGroup;
			children = (
				FD4AF16619293B5500F41129 /* FXForms */,
				FDF1F23618F5C89D001B53D0 /* TSweet */,
			);
			name = Libraries;
			sourceTree = "<group>";
		};
		FD58983A18FEC7E700A9172F /* Views */ = {
			isa = PBXGroup;
			children = (
				FD0C3E581934834E001A5DB2 /* Cells */,
				FD635C6919352B35007B3AAE /* UITabInputView.h */,
				FD635C6A19352B35007B3AAE /* UITabInputView.m */,
			);
			name = Views;
			sourceTree = "<group>";
		};
		FD59908918FEEDFA00975F7F /* Models */ = {
			isa = PBXGroup;
			children = (
				FD59908A18FEEE1400975F7F /* TMember.h */,
				FD59908B18FEEE1400975F7F /* TMember.m */,
				FD85CB10191CE808003707AC /* TCircle.h */,
				FD85CB11191CE808003707AC /* TCircle.m */,
				FD5BA849192AB0B300B37FCC /* TEvent.h */,
				FD5BA84A192AB0B300B37FCC /* TEvent.m */,
				FD68D62C192B6C2D003ABCFF /* TMemberRelation.h */,
				FD68D62D192B6C2D003ABCFF /* TMemberRelation.m */,
				FDD150FD192FCC3E00BC41E5 /* TAccess.h */,
				FDD150FE192FCC3E00BC41E5 /* TAccess.m */,
				FDD15100192FCD1A00BC41E5 /* TAction.h */,
				FDD15101192FCD1A00BC41E5 /* TAction.m */,
				FDD15103192FCEA400BC41E5 /* TCircleEventMember.h */,
				FDD15104192FCEA400BC41E5 /* TCircleEventMember.m */,
				FDD15106192FCF7900BC41E5 /* TCircleMessageMember.h */,
				FDD15107192FCF7900BC41E5 /* TCircleMessageMember.m */,
				FDD15109192FD35300BC41E5 /* TEducationMajor.h */,
				FDD1510A192FD35300BC41E5 /* TEducationMajor.m */,
				FDD1510C192FDA9700BC41E5 /* TEventMedia.h */,
				FDD1510D192FDA9700BC41E5 /* TEventMedia.m */,
				FDD1510F192FDB7300BC41E5 /* TJobCompany.h */,
				FDD15110192FDB7300BC41E5 /* TJobCompany.m */,
				FDD15112192FDEA400BC41E5 /* TMedia.h */,
				FDD15113192FDEA400BC41E5 /* TMedia.m */,
				FDD15115192FDF8E00BC41E5 /* TMemberCircle.h */,
				FDD15116192FDF8E00BC41E5 /* TMemberCircle.m */,
				FDD15118192FE1BE00BC41E5 /* TMemberEducation.h */,
				FDD15119192FE1BE00BC41E5 /* TMemberEducation.m */,
				FD5377C619326D07002A62F0 /* TMemberJob.h */,
				FD5377C719326D07002A62F0 /* TMemberJob.m */,
				FDA0E19519364FE300F31A0A /* TComment.h */,
				FDA0E19619364FE300F31A0A /* TComment.m */,
				FD96ECD5194BE5C20030F6BE /* TMessage.h */,
				FD96ECD6194BE5C20030F6BE /* TMessage.m */,
				FD96ECD8194CE9990030F6BE /* TMessageMedia.h */,
				FD96ECD9194CE9990030F6BE /* TMessageMedia.m */,
			);
			name = Models;
			sourceTree = "<group>";
		};
		FDF1F23618F5C89D001B53D0 /* TSweet */ = {
			isa = PBXGroup;
			children = (
				FDF1F21418F5C891001B53D0 /* TSweet-Prefix.pch */,
				FDF1F21518F5C891001B53D0 /* TSweetAutoCompletesCommunicator.h */,
				FDF1F21618F5C891001B53D0 /* TSweetAutoCompletesCommunicator.m */,
				FDF1F21718F5C891001B53D0 /* TSweetCirclesCommunicator.h */,
				FDF1F21818F5C891001B53D0 /* TSweetCirclesCommunicator.m */,
				FDF1F21918F5C891001B53D0 /* TSweetEventsCommunicator.h */,
				FDF1F21A18F5C891001B53D0 /* TSweetEventsCommunicator.m */,
				FDF1F21B18F5C891001B53D0 /* TSweetMediasCommunicator.h */,
				FDF1F21C18F5C891001B53D0 /* TSweetMediasCommunicator.m */,
				FDF1F21D18F5C891001B53D0 /* TSweetMembersCommunicator.h */,
				FDF1F21E18F5C891001B53D0 /* TSweetMembersCommunicator.m */,
				FDF1F21F18F5C891001B53D0 /* TSweetMessagesCommunicator.h */,
				FDF1F22018F5C891001B53D0 /* TSweetMessagesCommunicator.m */,
				FDF1F22118F5C891001B53D0 /* TSweetSocialMediasCommunicator.h */,
				FDF1F22218F5C891001B53D0 /* TSweetSocialMediasCommunicator.m */,
				FDF1F22318F5C891001B53D0 /* TSweetTrusteesCommunicator.h */,
				FDF1F22418F5C891001B53D0 /* TSweetTrusteesCommunicator.m */,
				FDF1F22518F5C891001B53D0 /* TSweetResponse.h */,
				FDF1F22618F5C891001B53D0 /* TSweetResponse.m */,
				FDF1F22718F5C891001B53D0 /* TSweetRest.h */,
				FDF1F22818F5C891001B53D0 /* TSweetRest.m */,
				FDF1F22918F5C891001B53D0 /* TSweetUsersCommunicator.h */,
				FDF1F22A18F5C891001B53D0 /* TSweetUsersCommunicator.m */,
			);
			name = TSweet;
			sourceTree = "<group>";
		};
/* End PBXGroup section */

/* Begin PBXNativeTarget section */
		FD54660518F5A66000BFD409 /* mobile */ = {
			isa = PBXNativeTarget;
			buildConfigurationList = FD54663818F5A66000BFD409 /* Build configuration list for PBXNativeTarget "mobile" */;
			buildPhases = (
				BB0997C22FB945FA83F18397 /* Check Pods Manifest.lock */,
				FD54660218F5A66000BFD409 /* Sources */,
				FD54660318F5A66000BFD409 /* Frameworks */,
				FD54660418F5A66000BFD409 /* Resources */,
				A32390A53C14423988960280 /* Copy Pods Resources */,
			);
			buildRules = (
			);
			dependencies = (
			);
			name = mobile;
			productName = mobile;
			productReference = FD54660618F5A66000BFD409 /* mobile.app */;
			productType = "com.apple.product-type.application";
		};
		FD54662618F5A66000BFD409 /* mobileTests */ = {
			isa = PBXNativeTarget;
			buildConfigurationList = FD54663B18F5A66000BFD409 /* Build configuration list for PBXNativeTarget "mobileTests" */;
			buildPhases = (
				FD54662318F5A66000BFD409 /* Sources */,
				FD54662418F5A66000BFD409 /* Frameworks */,
				FD54662518F5A66000BFD409 /* Resources */,
			);
			buildRules = (
			);
			dependencies = (
				FD54662D18F5A66000BFD409 /* PBXTargetDependency */,
			);
			name = mobileTests;
			productName = mobileTests;
			productReference = FD54662718F5A66000BFD409 /* mobileTests.xctest */;
			productType = "com.apple.product-type.bundle.unit-test";
		};
/* End PBXNativeTarget section */

/* Begin PBXProject section */
		FD5465FE18F5A66000BFD409 /* Project object */ = {
			isa = PBXProject;
			attributes = {
				LastUpgradeCheck = 0510;
				ORGANIZATIONNAME = "TeenahApp Org";
				TargetAttributes = {
					FD54660518F5A66000BFD409 = {
						DevelopmentTeam = V4LP6LTBPH;
						SystemCapabilities = {
							com.apple.InAppPurchase = {
								enabled = 0;
							};
							com.apple.Keychain = {
								enabled = 0;
							};
						};
					};
					FD54662618F5A66000BFD409 = {
						TestTargetID = FD54660518F5A66000BFD409;
					};
				};
			};
			buildConfigurationList = FD54660118F5A66000BFD409 /* Build configuration list for PBXProject "mobile" */;
			compatibilityVersion = "Xcode 3.2";
			developmentRegion = English;
			hasScannedForEncodings = 0;
			knownRegions = (
				en,
				Base,
			);
			mainGroup = FD5465FD18F5A66000BFD409;
			productRefGroup = FD54660718F5A66000BFD409 /* Products */;
			projectDirPath = "";
			projectRoot = "";
			targets = (
				FD54660518F5A66000BFD409 /* mobile */,
				FD54662618F5A66000BFD409 /* mobileTests */,
			);
		};
/* End PBXProject section */

/* Begin PBXResourcesBuildPhase section */
		FD54660418F5A66000BFD409 /* Resources */ = {
			isa = PBXResourcesBuildPhase;
			buildActionMask = 2147483647;
			files = (
				FD54661418F5A66000BFD409 /* InfoPlist.strings in Resources */,
				FD48F99619478D7300C8106D /* Images.xcassets in Resources */,
				FD5377DA19337DCD002A62F0 /* LocationMapViewController.xib in Resources */,
				FD81B89E1907F83B0037B479 /* readme.md in Resources */,
				FD54661D18F5A66000BFD409 /* Main.storyboard in Resources */,
			);
			runOnlyForDeploymentPostprocessing = 0;
		};
		FD54662518F5A66000BFD409 /* Resources */ = {
			isa = PBXResourcesBuildPhase;
			buildActionMask = 2147483647;
			files = (
				FD54663318F5A66000BFD409 /* InfoPlist.strings in Resources */,
			);
			runOnlyForDeploymentPostprocessing = 0;
		};
/* End PBXResourcesBuildPhase section */

/* Begin PBXShellScriptBuildPhase section */
		A32390A53C14423988960280 /* Copy Pods Resources */ = {
			isa = PBXShellScriptBuildPhase;
			buildActionMask = 2147483647;
			files = (
			);
			inputPaths = (
			);
			name = "Copy Pods Resources";
			outputPaths = (
			);
			runOnlyForDeploymentPostprocessing = 0;
			shellPath = /bin/sh;
			shellScript = "\"${SRCROOT}/Pods/Pods-resources.sh\"\n";
			showEnvVarsInLog = 0;
		};
		BB0997C22FB945FA83F18397 /* Check Pods Manifest.lock */ = {
			isa = PBXShellScriptBuildPhase;
			buildActionMask = 2147483647;
			files = (
			);
			inputPaths = (
			);
			name = "Check Pods Manifest.lock";
			outputPaths = (
			);
			runOnlyForDeploymentPostprocessing = 0;
			shellPath = /bin/sh;
			shellScript = "diff \"${PODS_ROOT}/../Podfile.lock\" \"${PODS_ROOT}/Manifest.lock\" > /dev/null\nif [[ $? != 0 ]] ; then\n    cat << EOM\nerror: The sandbox is not in sync with the Podfile.lock. Run 'pod install' or update your CocoaPods installation.\nEOM\n    exit 1\nfi\n";
			showEnvVarsInLog = 0;
		};
/* End PBXShellScriptBuildPhase section */

/* Begin PBXSourcesBuildPhase section */
		FD54660218F5A66000BFD409 /* Sources */ = {
			isa = PBXSourcesBuildPhase;
			buildActionMask = 2147483647;
			files = (
				FD530C9F193F13E600ACFC2A /* UITreeNodeTableViewCell.m in Sources */,
				FD54661A18F5A66000BFD409 /* AppDelegate.m in Sources */,
				FDD1510E192FDA9700BC41E5 /* TEventMedia.m in Sources */,
				FDF1F23518F5C891001B53D0 /* TSweetUsersCommunicator.m in Sources */,
				FDD15120192FFF2F00BC41E5 /* AddMemberEducationForm.m in Sources */,
				FDD15105192FCEA400BC41E5 /* TCircleEventMember.m in Sources */,
				FD635C6B19352B35007B3AAE /* UITabInputView.m in Sources */,
				FDF1F22C18F5C891001B53D0 /* TSweetCirclesCommunicator.m in Sources */,
				FDF1F23218F5C891001B53D0 /* TSweetTrusteesCommunicator.m in Sources */,
				FD7AB76E190ABCC700E302B8 /* ViewMemberTableViewController.m in Sources */,
				FD7AB771190B04E400E302B8 /* CirclesTableViewController.m in Sources */,
				FDD1511D192FFEA100BC41E5 /* AddMemberEducationViewController.m in Sources */,
				FDF1F23018F5C891001B53D0 /* TSweetMessagesCommunicator.m in Sources */,
				FD96ECD4194B89FF0030F6BE /* CircleChatsTableViewController.m in Sources */,
				FD5AA145191AAD6700C44F81 /* CircleViewController.m in Sources */,
				FD5A6A85193A40F900CE9E10 /* FirstHandShakeLoginTableViewController.m in Sources */,
				FDF1F23118F5C891001B53D0 /* TSweetSocialMediasCommunicator.m in Sources */,
				FDD15117192FDF8E00BC41E5 /* TMemberCircle.m in Sources */,
				FD5A6A82193A36FE00CE9E10 /* SettingsTableViewController.m in Sources */,
				FDF1F22B18F5C891001B53D0 /* TSweetAutoCompletesCommunicator.m in Sources */,
				FD61901019262009004DF6C4 /* EventsTableViewController.m in Sources */,
				FDD1510B192FD35300BC41E5 /* TEducationMajor.m in Sources */,
				FD96ECFE195389BC0030F6BE /* AddCircleTableViewController.m in Sources */,
				FDA0E19A193741B300F31A0A /* ViewMediasViewController.m in Sources */,
				FD635C651934FE4E007B3AAE /* CommentsTableViewController.m in Sources */,
				FD576CB218F733B300851F90 /* UpdateInfoFirstTimeViewController.m in Sources */,
				FD5377CB193272FF002A62F0 /* AddMemberJobForm.m in Sources */,
				FD1F1A18193B5F29009638F5 /* UpdateMemberFirstTimeForm.m in Sources */,
				FD1F1A1B193CAC43009638F5 /* FirstUploadPhotoTableViewController.m in Sources */,
				FDA9B0F71921320B0015BF8C /* CircleMembersTableViewController.m in Sources */,
				FDD15111192FDB7300BC41E5 /* TJobCompany.m in Sources */,
				FDF1F22E18F5C891001B53D0 /* TSweetMediasCommunicator.m in Sources */,
				FDD15108192FCF7900BC41E5 /* TCircleMessageMember.m in Sources */,
				FD5BA84B192AB0B300B37FCC /* TEvent.m in Sources */,
				FD5377CE19327569002A62F0 /* AddMemberJobViewController.m in Sources */,
				FD96ECDA194CE9990030F6BE /* TMessageMedia.m in Sources */,
				FD4AF16519293B4A00F41129 /* FXForms.m in Sources */,
				FD697A0A19448EBE00D571E2 /* UpdateMemberInfoForm.m in Sources */,
				FD85CB12191CE808003707AC /* TCircle.m in Sources */,
				FD5A6A88193A844900CE9E10 /* SecondHandShakeLoginTableViewController.m in Sources */,
				FDE4A8901933C8FF00E3B866 /* ViewEventTableViewController.m in Sources */,
				FD59908C18FEEE1400975F7F /* TMember.m in Sources */,
				FD9C71021905812A0091849B /* AddRelationViewController.m in Sources */,
				FDA0E19719364FE300F31A0A /* TComment.m in Sources */,
				FD4AF16D1929400F00F41129 /* AddEventForm.m in Sources */,
				FD96ECD7194BE5C20030F6BE /* TMessage.m in Sources */,
				FDD15114192FDEA400BC41E5 /* TMedia.m in Sources */,
				FDF1F23318F5C891001B53D0 /* TSweetResponse.m in Sources */,
				FDD150FF192FCC3E00BC41E5 /* TAccess.m in Sources */,
				FDD15102192FCD1A00BC41E5 /* TAction.m in Sources */,
				FD697A0D1944A63600D571E2 /* UpdateMemberInfoViewController.m in Sources */,
				FDF1F23418F5C891001B53D0 /* TSweetRest.m in Sources */,
				FD54661618F5A66000BFD409 /* main.m in Sources */,
				FDF1F22F18F5C891001B53D0 /* TSweetMembersCommunicator.m in Sources */,
				FD507C1C192C84050077C55A /* AddRelationForm.m in Sources */,
				FD4AF16919293C9900F41129 /* AddEventViewController.m in Sources */,
				FD5377C819326D07002A62F0 /* TMemberJob.m in Sources */,
				FD5377D919337DCD002A62F0 /* LocationMapViewController.m in Sources */,
				FDF1F22D18F5C891001B53D0 /* TSweetEventsCommunicator.m in Sources */,
				FD96ECDD194F24A90030F6BE /* ViewCircleStatsTableViewController.m in Sources */,
				FD530C9B193D931C00ACFC2A /* TreeTableViewController.m in Sources */,
				FDA0E1A01937A35B00F31A0A /* ViewMediaTableViewController.m in Sources */,
				FDA0E1A41937CC9E00F31A0A /* UIMultiColumnsTableViewCell.m in Sources */,
				FD68D62E192B6C2D003ABCFF /* TMemberRelation.m in Sources */,
				FDD1511A192FE1BE00BC41E5 /* TMemberEducation.m in Sources */,
			);
			runOnlyForDeploymentPostprocessing = 0;
		};
		FD54662318F5A66000BFD409 /* Sources */ = {
			isa = PBXSourcesBuildPhase;
			buildActionMask = 2147483647;
			files = (
				FD54663518F5A66000BFD409 /* mobileTests.m in Sources */,
			);
			runOnlyForDeploymentPostprocessing = 0;
		};
/* End PBXSourcesBuildPhase section */

/* Begin PBXTargetDependency section */
		FD54662D18F5A66000BFD409 /* PBXTargetDependency */ = {
			isa = PBXTargetDependency;
			target = FD54660518F5A66000BFD409 /* mobile */;
			targetProxy = FD54662C18F5A66000BFD409 /* PBXContainerItemProxy */;
		};
/* End PBXTargetDependency section */

/* Begin PBXVariantGroup section */
		FD54661218F5A66000BFD409 /* InfoPlist.strings */ = {
			isa = PBXVariantGroup;
			children = (
				FD54661318F5A66000BFD409 /* en */,
			);
			name = InfoPlist.strings;
			sourceTree = "<group>";
		};
		FD54661B18F5A66000BFD409 /* Main.storyboard */ = {
			isa = PBXVariantGroup;
			children = (
				FD54661C18F5A66000BFD409 /* Base */,
				FD54664118F5A76C00BFD409 /* en */,
			);
			name = Main.storyboard;
			sourceTree = "<group>";
		};
		FD54663118F5A66000BFD409 /* InfoPlist.strings */ = {
			isa = PBXVariantGroup;
			children = (
				FD54663218F5A66000BFD409 /* en */,
			);
			name = InfoPlist.strings;
			sourceTree = "<group>";
		};
/* End PBXVariantGroup section */

/* Begin XCBuildConfiguration section */
		FD54663618F5A66000BFD409 /* Debug */ = {
			isa = XCBuildConfiguration;
			buildSettings = {
				ALWAYS_SEARCH_USER_PATHS = NO;
				CLANG_CXX_LANGUAGE_STANDARD = "gnu++0x";
				CLANG_CXX_LIBRARY = "libc++";
				CLANG_ENABLE_MODULES = YES;
				CLANG_ENABLE_OBJC_ARC = YES;
				CLANG_WARN_BOOL_CONVERSION = YES;
				CLANG_WARN_CONSTANT_CONVERSION = YES;
				CLANG_WARN_DIRECT_OBJC_ISA_USAGE = YES_ERROR;
				CLANG_WARN_EMPTY_BODY = YES;
				CLANG_WARN_ENUM_CONVERSION = YES;
				CLANG_WARN_INT_CONVERSION = YES;
				CLANG_WARN_OBJC_ROOT_CLASS = YES_ERROR;
				CLANG_WARN__DUPLICATE_METHOD_MATCH = YES;
				"CODE_SIGN_IDENTITY[sdk=iphoneos*]" = "iPhone Developer";
				COPY_PHASE_STRIP = NO;
				GCC_C_LANGUAGE_STANDARD = gnu99;
				GCC_DYNAMIC_NO_PIC = NO;
				GCC_OPTIMIZATION_LEVEL = 0;
				GCC_PREPROCESSOR_DEFINITIONS = (
					"DEBUG=1",
					"$(inherited)",
				);
				GCC_SYMBOLS_PRIVATE_EXTERN = NO;
				GCC_WARN_64_TO_32_BIT_CONVERSION = YES;
				GCC_WARN_ABOUT_RETURN_TYPE = YES_ERROR;
				GCC_WARN_UNDECLARED_SELECTOR = YES;
				GCC_WARN_UNINITIALIZED_AUTOS = YES_AGGRESSIVE;
				GCC_WARN_UNUSED_FUNCTION = YES;
				GCC_WARN_UNUSED_VARIABLE = YES;
				IPHONEOS_DEPLOYMENT_TARGET = 7.1;
				ONLY_ACTIVE_ARCH = YES;
				SDKROOT = iphoneos;
			};
			name = Debug;
		};
		FD54663718F5A66000BFD409 /* Release */ = {
			isa = XCBuildConfiguration;
			buildSettings = {
				ALWAYS_SEARCH_USER_PATHS = NO;
				CLANG_CXX_LANGUAGE_STANDARD = "gnu++0x";
				CLANG_CXX_LIBRARY = "libc++";
				CLANG_ENABLE_MODULES = YES;
				CLANG_ENABLE_OBJC_ARC = YES;
				CLANG_WARN_BOOL_CONVERSION = YES;
				CLANG_WARN_CONSTANT_CONVERSION = YES;
				CLANG_WARN_DIRECT_OBJC_ISA_USAGE = YES_ERROR;
				CLANG_WARN_EMPTY_BODY = YES;
				CLANG_WARN_ENUM_CONVERSION = YES;
				CLANG_WARN_INT_CONVERSION = YES;
				CLANG_WARN_OBJC_ROOT_CLASS = YES_ERROR;
				CLANG_WARN__DUPLICATE_METHOD_MATCH = YES;
				"CODE_SIGN_IDENTITY[sdk=iphoneos*]" = "iPhone Developer";
				COPY_PHASE_STRIP = YES;
				ENABLE_NS_ASSERTIONS = NO;
				GCC_C_LANGUAGE_STANDARD = gnu99;
				GCC_WARN_64_TO_32_BIT_CONVERSION = YES;
				GCC_WARN_ABOUT_RETURN_TYPE = YES_ERROR;
				GCC_WARN_UNDECLARED_SELECTOR = YES;
				GCC_WARN_UNINITIALIZED_AUTOS = YES_AGGRESSIVE;
				GCC_WARN_UNUSED_FUNCTION = YES;
				GCC_WARN_UNUSED_VARIABLE = YES;
				IPHONEOS_DEPLOYMENT_TARGET = 7.1;
				SDKROOT = iphoneos;
				VALIDATE_PRODUCT = YES;
			};
			name = Release;
		};
		FD54663918F5A66000BFD409 /* Debug */ = {
			isa = XCBuildConfiguration;
			baseConfigurationReference = 35148144AD2E4457BCFD4D21 /* Pods.xcconfig */;
			buildSettings = {
				ASSETCATALOG_COMPILER_APPICON_NAME = AppIcon;
				ASSETCATALOG_COMPILER_LAUNCHIMAGE_NAME = LaunchImage;
				CODE_SIGN_IDENTITY = "iPhone Developer";
				"CODE_SIGN_IDENTITY[sdk=iphoneos*]" = "iPhone Developer";
				GCC_PRECOMPILE_PREFIX_HEADER = YES;
				GCC_PREFIX_HEADER = "mobile/mobile-Prefix.pch";
				INFOPLIST_FILE = "mobile/mobile-Info.plist";
				PRODUCT_NAME = "$(TARGET_NAME)";
				PROVISIONING_PROFILE = "";
				WRAPPER_EXTENSION = app;
			};
			name = Debug;
		};
		FD54663A18F5A66000BFD409 /* Release */ = {
			isa = XCBuildConfiguration;
			baseConfigurationReference = 35148144AD2E4457BCFD4D21 /* Pods.xcconfig */;
			buildSettings = {
				ASSETCATALOG_COMPILER_APPICON_NAME = AppIcon;
				ASSETCATALOG_COMPILER_LAUNCHIMAGE_NAME = LaunchImage;
				CODE_SIGN_IDENTITY = "iPhone Developer";
				"CODE_SIGN_IDENTITY[sdk=iphoneos*]" = "iPhone Developer";
				GCC_PRECOMPILE_PREFIX_HEADER = YES;
				GCC_PREFIX_HEADER = "mobile/mobile-Prefix.pch";
				INFOPLIST_FILE = "mobile/mobile-Info.plist";
				PRODUCT_NAME = "$(TARGET_NAME)";
				PROVISIONING_PROFILE = "";
				WRAPPER_EXTENSION = app;
			};
			name = Release;
		};
		FD54663C18F5A66000BFD409 /* Debug */ = {
			isa = XCBuildConfiguration;
			buildSettings = {
				BUNDLE_LOADER = "$(BUILT_PRODUCTS_DIR)/mobile.app/mobile";
				FRAMEWORK_SEARCH_PATHS = (
					"$(SDKROOT)/Developer/Library/Frameworks",
					"$(inherited)",
					"$(DEVELOPER_FRAMEWORKS_DIR)",
				);
				GCC_PRECOMPILE_PREFIX_HEADER = YES;
				GCC_PREFIX_HEADER = "mobile/mobile-Prefix.pch";
				GCC_PREPROCESSOR_DEFINITIONS = (
					"DEBUG=1",
					"$(inherited)",
				);
				INFOPLIST_FILE = "mobileTests/mobileTests-Info.plist";
				PRODUCT_NAME = "$(TARGET_NAME)";
				TEST_HOST = "$(BUNDLE_LOADER)";
				WRAPPER_EXTENSION = xctest;
			};
			name = Debug;
		};
		FD54663D18F5A66000BFD409 /* Release */ = {
			isa = XCBuildConfiguration;
			buildSettings = {
				BUNDLE_LOADER = "$(BUILT_PRODUCTS_DIR)/mobile.app/mobile";
				FRAMEWORK_SEARCH_PATHS = (
					"$(SDKROOT)/Developer/Library/Frameworks",
					"$(inherited)",
					"$(DEVELOPER_FRAMEWORKS_DIR)",
				);
				GCC_PRECOMPILE_PREFIX_HEADER = YES;
				GCC_PREFIX_HEADER = "mobile/mobile-Prefix.pch";
				INFOPLIST_FILE = "mobileTests/mobileTests-Info.plist";
				PRODUCT_NAME = "$(TARGET_NAME)";
				TEST_HOST = "$(BUNDLE_LOADER)";
				WRAPPER_EXTENSION = xctest;
			};
			name = Release;
		};
/* End XCBuildConfiguration section */

/* Begin XCConfigurationList section */
		FD54660118F5A66000BFD409 /* Build configuration list for PBXProject "mobile" */ = {
			isa = XCConfigurationList;
			buildConfigurations = (
				FD54663618F5A66000BFD409 /* Debug */,
				FD54663718F5A66000BFD409 /* Release */,
			);
			defaultConfigurationIsVisible = 0;
			defaultConfigurationName = Release;
		};
		FD54663818F5A66000BFD409 /* Build configuration list for PBXNativeTarget "mobile" */ = {
			isa = XCConfigurationList;
			buildConfigurations = (
				FD54663918F5A66000BFD409 /* Debug */,
				FD54663A18F5A66000BFD409 /* Release */,
			);
			defaultConfigurationIsVisible = 0;
			defaultConfigurationName = Release;
		};
		FD54663B18F5A66000BFD409 /* Build configuration list for PBXNativeTarget "mobileTests" */ = {
			isa = XCConfigurationList;
			buildConfigurations = (
				FD54663C18F5A66000BFD409 /* Debug */,
				FD54663D18F5A66000BFD409 /* Release */,
			);
			defaultConfigurationIsVisible = 0;
			defaultConfigurationName = Release;
		};
/* End XCConfigurationList section */
	};
	rootObject = FD5465FE18F5A66000BFD409 /* Project object */;
}
