// !$*UTF8*$!
{
	archiveVersion = 1;
	classes = {
	};
	objectVersion = 46;
	objects = {

/* Begin PBXBuildFile section */
		D64A9436371444F48143C767 /* libPods.a in Frameworks */ = {isa = PBXBuildFile; fileRef = 99E4E867158A40178A8EA74E /* libPods.a */; };
		FD54660A18F5A66000BFD409 /* Foundation.framework in Frameworks */ = {isa = PBXBuildFile; fileRef = FD54660918F5A66000BFD409 /* Foundation.framework */; };
		FD54660C18F5A66000BFD409 /* CoreGraphics.framework in Frameworks */ = {isa = PBXBuildFile; fileRef = FD54660B18F5A66000BFD409 /* CoreGraphics.framework */; };
		FD54660E18F5A66000BFD409 /* UIKit.framework in Frameworks */ = {isa = PBXBuildFile; fileRef = FD54660D18F5A66000BFD409 /* UIKit.framework */; };
		FD54661418F5A66000BFD409 /* InfoPlist.strings in Resources */ = {isa = PBXBuildFile; fileRef = FD54661218F5A66000BFD409 /* InfoPlist.strings */; };
		FD54661618F5A66000BFD409 /* main.m in Sources */ = {isa = PBXBuildFile; fileRef = FD54661518F5A66000BFD409 /* main.m */; };
		FD54661A18F5A66000BFD409 /* AppDelegate.m in Sources */ = {isa = PBXBuildFile; fileRef = FD54661918F5A66000BFD409 /* AppDelegate.m */; };
		FD54661D18F5A66000BFD409 /* Main.storyboard in Resources */ = {isa = PBXBuildFile; fileRef = FD54661B18F5A66000BFD409 /* Main.storyboard */; };
		FD54662218F5A66000BFD409 /* Images.xcassets in Resources */ = {isa = PBXBuildFile; fileRef = FD54662118F5A66000BFD409 /* Images.xcassets */; };
		FD54662918F5A66000BFD409 /* XCTest.framework in Frameworks */ = {isa = PBXBuildFile; fileRef = FD54662818F5A66000BFD409 /* XCTest.framework */; };
		FD54662A18F5A66000BFD409 /* Foundation.framework in Frameworks */ = {isa = PBXBuildFile; fileRef = FD54660918F5A66000BFD409 /* Foundation.framework */; };
		FD54662B18F5A66000BFD409 /* UIKit.framework in Frameworks */ = {isa = PBXBuildFile; fileRef = FD54660D18F5A66000BFD409 /* UIKit.framework */; };
		FD54663318F5A66000BFD409 /* InfoPlist.strings in Resources */ = {isa = PBXBuildFile; fileRef = FD54663118F5A66000BFD409 /* InfoPlist.strings */; };
		FD54663518F5A66000BFD409 /* mobileTests.m in Sources */ = {isa = PBXBuildFile; fileRef = FD54663418F5A66000BFD409 /* mobileTests.m */; };
		FD54664618F5AD1B00BFD409 /* FirstHandShakeLoginViewController.m in Sources */ = {isa = PBXBuildFile; fileRef = FD54664518F5AD1B00BFD409 /* FirstHandShakeLoginViewController.m */; };
		FD576CAF18F70BF600851F90 /* TreeViewController.m in Sources */ = {isa = PBXBuildFile; fileRef = FD576CAE18F70BF600851F90 /* TreeViewController.m */; };
		FD576CB218F733B300851F90 /* UpdateInfoFirstTimeViewController.m in Sources */ = {isa = PBXBuildFile; fileRef = FD576CB118F733B300851F90 /* UpdateInfoFirstTimeViewController.m */; };
		FD58983D18FEC7FD00A9172F /* UITreeView.m in Sources */ = {isa = PBXBuildFile; fileRef = FD58983C18FEC7FD00A9172F /* UITreeView.m */; };
		FD59908C18FEEE1400975F7F /* TMember.m in Sources */ = {isa = PBXBuildFile; fileRef = FD59908B18FEEE1400975F7F /* TMember.m */; };
		FD5AA145191AAD6700C44F81 /* CircleViewController.m in Sources */ = {isa = PBXBuildFile; fileRef = FD5AA144191AAD6700C44F81 /* CircleViewController.m */; };
		FD61900D19257464004DF6C4 /* CircleEventsViewController.m in Sources */ = {isa = PBXBuildFile; fileRef = FD61900C19257464004DF6C4 /* CircleEventsViewController.m */; };
		FD6666771923E37800AFF4E5 /* UIAvatarCellTableViewCell.m in Sources */ = {isa = PBXBuildFile; fileRef = FD6666761923E37800AFF4E5 /* UIAvatarCellTableViewCell.m */; };
		FD7AB76E190ABCC700E302B8 /* ViewMemberTableViewController.m in Sources */ = {isa = PBXBuildFile; fileRef = FD7AB76D190ABCC700E302B8 /* ViewMemberTableViewController.m */; };
		FD7AB771190B04E400E302B8 /* CirclesTableViewController.m in Sources */ = {isa = PBXBuildFile; fileRef = FD7AB770190B04E400E302B8 /* CirclesTableViewController.m */; };
		FD81B89C1907F50D0037B479 /* Security.framework in Frameworks */ = {isa = PBXBuildFile; fileRef = FD81B89B1907F50D0037B479 /* Security.framework */; };
		FD81B89E1907F83B0037B479 /* readme.md in Resources */ = {isa = PBXBuildFile; fileRef = FD81B89D1907F83B0037B479 /* readme.md */; };
		FD85CB12191CE808003707AC /* TCircle.m in Sources */ = {isa = PBXBuildFile; fileRef = FD85CB11191CE808003707AC /* TCircle.m */; };
		FD8C2F4918F8224300299A4E /* FirstUploadPhotoViewController.m in Sources */ = {isa = PBXBuildFile; fileRef = FD8C2F4818F8224300299A4E /* FirstUploadPhotoViewController.m */; };
		FD9C71021905812A0091849B /* AddRelationViewController.m in Sources */ = {isa = PBXBuildFile; fileRef = FD9C71011905812A0091849B /* AddRelationViewController.m */; };
		FDA9B0F71921320B0015BF8C /* CircleMembersTableViewController.m in Sources */ = {isa = PBXBuildFile; fileRef = FDA9B0F61921320B0015BF8C /* CircleMembersTableViewController.m */; };
		FDF1F22B18F5C891001B53D0 /* TSweetAutoCompletesCommunicator.m in Sources */ = {isa = PBXBuildFile; fileRef = FDF1F21618F5C891001B53D0 /* TSweetAutoCompletesCommunicator.m */; };
		FDF1F22C18F5C891001B53D0 /* TSweetCirclesCommunicator.m in Sources */ = {isa = PBXBuildFile; fileRef = FDF1F21818F5C891001B53D0 /* TSweetCirclesCommunicator.m */; };
		FDF1F22D18F5C891001B53D0 /* TSweetEventsCommunicator.m in Sources */ = {isa = PBXBuildFile; fileRef = FDF1F21A18F5C891001B53D0 /* TSweetEventsCommunicator.m */; };
		FDF1F22E18F5C891001B53D0 /* TSweetMediasCommunicator.m in Sources */ = {isa = PBXBuildFile; fileRef = FDF1F21C18F5C891001B53D0 /* TSweetMediasCommunicator.m */; };
		FDF1F22F18F5C891001B53D0 /* TSweetMembersCommunicator.m in Sources */ = {isa = PBXBuildFile; fileRef = FDF1F21E18F5C891001B53D0 /* TSweetMembersCommunicator.m */; };
		FDF1F23018F5C891001B53D0 /* TSweetMessagesCommunicator.m in Sources */ = {isa = PBXBuildFile; fileRef = FDF1F22018F5C891001B53D0 /* TSweetMessagesCommunicator.m */; };
		FDF1F23118F5C891001B53D0 /* TSweetSocialMediasCommunicator.m in Sources */ = {isa = PBXBuildFile; fileRef = FDF1F22218F5C891001B53D0 /* TSweetSocialMediasCommunicator.m */; };
		FDF1F23218F5C891001B53D0 /* TSweetTrusteesCommunicator.m in Sources */ = {isa = PBXBuildFile; fileRef = FDF1F22418F5C891001B53D0 /* TSweetTrusteesCommunicator.m */; };
		FDF1F23318F5C891001B53D0 /* TSweetResponse.m in Sources */ = {isa = PBXBuildFile; fileRef = FDF1F22618F5C891001B53D0 /* TSweetResponse.m */; };
		FDF1F23418F5C891001B53D0 /* TSweetRest.m in Sources */ = {isa = PBXBuildFile; fileRef = FDF1F22818F5C891001B53D0 /* TSweetRest.m */; };
		FDF1F23518F5C891001B53D0 /* TSweetUsersCommunicator.m in Sources */ = {isa = PBXBuildFile; fileRef = FDF1F22A18F5C891001B53D0 /* TSweetUsersCommunicator.m */; };
		FDF1F23918F5ECF3001B53D0 /* SecondHandShakeLoginViewController.m in Sources */ = {isa = PBXBuildFile; fileRef = FDF1F23818F5ECF3001B53D0 /* SecondHandShakeLoginViewController.m */; };
/* End PBXBuildFile section */

/* Begin PBXContainerItemProxy section */
		FD54662C18F5A66000BFD409 /* PBXContainerItemProxy */ = {
			isa = PBXContainerItemProxy;
			containerPortal = FD5465FE18F5A66000BFD409 /* Project object */;
			proxyType = 1;
			remoteGlobalIDString = FD54660518F5A66000BFD409;
			remoteInfo = mobile;
		};
/* End PBXContainerItemProxy section */

/* Begin PBXFileReference section */
		35148144AD2E4457BCFD4D21 /* Pods.xcconfig */ = {isa = PBXFileReference; includeInIndex = 1; lastKnownFileType = text.xcconfig; name = Pods.xcconfig; path = Pods/Pods.xcconfig; sourceTree = "<group>"; };
		99E4E867158A40178A8EA74E /* libPods.a */ = {isa = PBXFileReference; explicitFileType = archive.ar; includeInIndex = 0; path = libPods.a; sourceTree = BUILT_PRODUCTS_DIR; };
		FD54660618F5A66000BFD409 /* mobile.app */ = {isa = PBXFileReference; explicitFileType = wrapper.application; includeInIndex = 0; path = mobile.app; sourceTree = BUILT_PRODUCTS_DIR; };
		FD54660918F5A66000BFD409 /* Foundation.framework */ = {isa = PBXFileReference; lastKnownFileType = wrapper.framework; name = Foundation.framework; path = System/Library/Frameworks/Foundation.framework; sourceTree = SDKROOT; };
		FD54660B18F5A66000BFD409 /* CoreGraphics.framework */ = {isa = PBXFileReference; lastKnownFileType = wrapper.framework; name = CoreGraphics.framework; path = System/Library/Frameworks/CoreGraphics.framework; sourceTree = SDKROOT; };
		FD54660D18F5A66000BFD409 /* UIKit.framework */ = {isa = PBXFileReference; lastKnownFileType = wrapper.framework; name = UIKit.framework; path = System/Library/Frameworks/UIKit.framework; sourceTree = SDKROOT; };
		FD54661118F5A66000BFD409 /* mobile-Info.plist */ = {isa = PBXFileReference; lastKnownFileType = text.plist.xml; path = "mobile-Info.plist"; sourceTree = "<group>"; };
		FD54661318F5A66000BFD409 /* en */ = {isa = PBXFileReference; lastKnownFileType = text.plist.strings; name = en; path = en.lproj/InfoPlist.strings; sourceTree = "<group>"; };
		FD54661518F5A66000BFD409 /* main.m */ = {isa = PBXFileReference; lastKnownFileType = sourcecode.c.objc; path = main.m; sourceTree = "<group>"; };
		FD54661718F5A66000BFD409 /* mobile-Prefix.pch */ = {isa = PBXFileReference; lastKnownFileType = sourcecode.c.h; path = "mobile-Prefix.pch"; sourceTree = "<group>"; };
		FD54661818F5A66000BFD409 /* AppDelegate.h */ = {isa = PBXFileReference; lastKnownFileType = sourcecode.c.h; path = AppDelegate.h; sourceTree = "<group>"; };
		FD54661918F5A66000BFD409 /* AppDelegate.m */ = {isa = PBXFileReference; lastKnownFileType = sourcecode.c.objc; path = AppDelegate.m; sourceTree = "<group>"; };
		FD54661C18F5A66000BFD409 /* Base */ = {isa = PBXFileReference; lastKnownFileType = file.storyboard; name = Base; path = Base.lproj/Main.storyboard; sourceTree = "<group>"; };
		FD54662118F5A66000BFD409 /* Images.xcassets */ = {isa = PBXFileReference; lastKnownFileType = folder.assetcatalog; path = Images.xcassets; sourceTree = "<group>"; };
		FD54662718F5A66000BFD409 /* mobileTests.xctest */ = {isa = PBXFileReference; explicitFileType = wrapper.cfbundle; includeInIndex = 0; path = mobileTests.xctest; sourceTree = BUILT_PRODUCTS_DIR; };
		FD54662818F5A66000BFD409 /* XCTest.framework */ = {isa = PBXFileReference; lastKnownFileType = wrapper.framework; name = XCTest.framework; path = Library/Frameworks/XCTest.framework; sourceTree = DEVELOPER_DIR; };
		FD54663018F5A66000BFD409 /* mobileTests-Info.plist */ = {isa = PBXFileReference; lastKnownFileType = text.plist.xml; path = "mobileTests-Info.plist"; sourceTree = "<group>"; };
		FD54663218F5A66000BFD409 /* en */ = {isa = PBXFileReference; lastKnownFileType = text.plist.strings; name = en; path = en.lproj/InfoPlist.strings; sourceTree = "<group>"; };
		FD54663418F5A66000BFD409 /* mobileTests.m */ = {isa = PBXFileReference; lastKnownFileType = sourcecode.c.objc; path = mobileTests.m; sourceTree = "<group>"; };
		FD54664118F5A76C00BFD409 /* en */ = {isa = PBXFileReference; lastKnownFileType = text.plist.strings; name = en; path = en.lproj/Main.strings; sourceTree = "<group>"; };
		FD54664418F5AD1B00BFD409 /* FirstHandShakeLoginViewController.h */ = {isa = PBXFileReference; fileEncoding = 4; lastKnownFileType = sourcecode.c.h; path = FirstHandShakeLoginViewController.h; sourceTree = "<group>"; };
		FD54664518F5AD1B00BFD409 /* FirstHandShakeLoginViewController.m */ = {isa = PBXFileReference; fileEncoding = 4; lastKnownFileType = sourcecode.c.objc; path = FirstHandShakeLoginViewController.m; sourceTree = "<group>"; };
		FD576CAD18F70BF600851F90 /* TreeViewController.h */ = {isa = PBXFileReference; fileEncoding = 4; lastKnownFileType = sourcecode.c.h; path = TreeViewController.h; sourceTree = "<group>"; };
		FD576CAE18F70BF600851F90 /* TreeViewController.m */ = {isa = PBXFileReference; fileEncoding = 4; lastKnownFileType = sourcecode.c.objc; path = TreeViewController.m; sourceTree = "<group>"; };
		FD576CB018F733B300851F90 /* UpdateInfoFirstTimeViewController.h */ = {isa = PBXFileReference; fileEncoding = 4; lastKnownFileType = sourcecode.c.h; path = UpdateInfoFirstTimeViewController.h; sourceTree = "<group>"; };
		FD576CB118F733B300851F90 /* UpdateInfoFirstTimeViewController.m */ = {isa = PBXFileReference; fileEncoding = 4; lastKnownFileType = sourcecode.c.objc; path = UpdateInfoFirstTimeViewController.m; sourceTree = "<group>"; };
		FD58983B18FEC7FD00A9172F /* UITreeView.h */ = {isa = PBXFileReference; fileEncoding = 4; lastKnownFileType = sourcecode.c.h; path = UITreeView.h; sourceTree = "<group>"; };
		FD58983C18FEC7FD00A9172F /* UITreeView.m */ = {isa = PBXFileReference; fileEncoding = 4; lastKnownFileType = sourcecode.c.objc; path = UITreeView.m; sourceTree = "<group>"; };
		FD59908A18FEEE1400975F7F /* TMember.h */ = {isa = PBXFileReference; fileEncoding = 4; lastKnownFileType = sourcecode.c.h; path = TMember.h; sourceTree = "<group>"; };
		FD59908B18FEEE1400975F7F /* TMember.m */ = {isa = PBXFileReference; fileEncoding = 4; lastKnownFileType = sourcecode.c.objc; path = TMember.m; sourceTree = "<group>"; };
		FD5AA143191AAD6700C44F81 /* CircleViewController.h */ = {isa = PBXFileReference; fileEncoding = 4; lastKnownFileType = sourcecode.c.h; path = CircleViewController.h; sourceTree = "<group>"; };
		FD5AA144191AAD6700C44F81 /* CircleViewController.m */ = {isa = PBXFileReference; fileEncoding = 4; lastKnownFileType = sourcecode.c.objc; path = CircleViewController.m; sourceTree = "<group>"; };
		FD61900B19257464004DF6C4 /* CircleEventsViewController.h */ = {isa = PBXFileReference; fileEncoding = 4; lastKnownFileType = sourcecode.c.h; path = CircleEventsViewController.h; sourceTree = "<group>"; };
		FD61900C19257464004DF6C4 /* CircleEventsViewController.m */ = {isa = PBXFileReference; fileEncoding = 4; lastKnownFileType = sourcecode.c.objc; path = CircleEventsViewController.m; sourceTree = "<group>"; };
		FD6666751923E37800AFF4E5 /* UIAvatarCellTableViewCell.h */ = {isa = PBXFileReference; fileEncoding = 4; lastKnownFileType = sourcecode.c.h; path = UIAvatarCellTableViewCell.h; sourceTree = "<group>"; };
		FD6666761923E37800AFF4E5 /* UIAvatarCellTableViewCell.m */ = {isa = PBXFileReference; fileEncoding = 4; lastKnownFileType = sourcecode.c.objc; path = UIAvatarCellTableViewCell.m; sourceTree = "<group>"; };
		FD7AB76C190ABCC700E302B8 /* ViewMemberTableViewController.h */ = {isa = PBXFileReference; fileEncoding = 4; lastKnownFileType = sourcecode.c.h; path = ViewMemberTableViewController.h; sourceTree = "<group>"; };
		FD7AB76D190ABCC700E302B8 /* ViewMemberTableViewController.m */ = {isa = PBXFileReference; fileEncoding = 4; lastKnownFileType = sourcecode.c.objc; path = ViewMemberTableViewController.m; sourceTree = "<group>"; };
		FD7AB76F190B04E400E302B8 /* CirclesTableViewController.h */ = {isa = PBXFileReference; fileEncoding = 4; lastKnownFileType = sourcecode.c.h; path = CirclesTableViewController.h; sourceTree = "<group>"; };
		FD7AB770190B04E400E302B8 /* CirclesTableViewController.m */ = {isa = PBXFileReference; fileEncoding = 4; lastKnownFileType = sourcecode.c.objc; path = CirclesTableViewController.m; sourceTree = "<group>"; };
		FD81B89B1907F50D0037B479 /* Security.framework */ = {isa = PBXFileReference; lastKnownFileType = wrapper.framework; name = Security.framework; path = System/Library/Frameworks/Security.framework; sourceTree = SDKROOT; };
		FD81B89D1907F83B0037B479 /* readme.md */ = {isa = PBXFileReference; fileEncoding = 4; lastKnownFileType = text; path = readme.md; sourceTree = "<group>"; };
		FD85CB10191CE808003707AC /* TCircle.h */ = {isa = PBXFileReference; fileEncoding = 4; lastKnownFileType = sourcecode.c.h; path = TCircle.h; sourceTree = "<group>"; };
		FD85CB11191CE808003707AC /* TCircle.m */ = {isa = PBXFileReference; fileEncoding = 4; lastKnownFileType = sourcecode.c.objc; path = TCircle.m; sourceTree = "<group>"; };
		FD8C2F4718F8224300299A4E /* FirstUploadPhotoViewController.h */ = {isa = PBXFileReference; fileEncoding = 4; lastKnownFileType = sourcecode.c.h; path = FirstUploadPhotoViewController.h; sourceTree = "<group>"; };
		FD8C2F4818F8224300299A4E /* FirstUploadPhotoViewController.m */ = {isa = PBXFileReference; fileEncoding = 4; lastKnownFileType = sourcecode.c.objc; path = FirstUploadPhotoViewController.m; sourceTree = "<group>"; };
		FD9C71001905812A0091849B /* AddRelationViewController.h */ = {isa = PBXFileReference; fileEncoding = 4; lastKnownFileType = sourcecode.c.h; path = AddRelationViewController.h; sourceTree = "<group>"; };
		FD9C71011905812A0091849B /* AddRelationViewController.m */ = {isa = PBXFileReference; fileEncoding = 4; lastKnownFileType = sourcecode.c.objc; path = AddRelationViewController.m; sourceTree = "<group>"; };
		FDA9B0F51921320B0015BF8C /* CircleMembersTableViewController.h */ = {isa = PBXFileReference; fileEncoding = 4; lastKnownFileType = sourcecode.c.h; path = CircleMembersTableViewController.h; sourceTree = "<group>"; };
		FDA9B0F61921320B0015BF8C /* CircleMembersTableViewController.m */ = {isa = PBXFileReference; fileEncoding = 4; lastKnownFileType = sourcecode.c.objc; path = CircleMembersTableViewController.m; sourceTree = "<group>"; };
		FDF1F21418F5C891001B53D0 /* TSweet-Prefix.pch */ = {isa = PBXFileReference; fileEncoding = 4; lastKnownFileType = sourcecode.c.h; path = "TSweet-Prefix.pch"; sourceTree = "<group>"; };
		FDF1F21518F5C891001B53D0 /* TSweetAutoCompletesCommunicator.h */ = {isa = PBXFileReference; fileEncoding = 4; lastKnownFileType = sourcecode.c.h; path = TSweetAutoCompletesCommunicator.h; sourceTree = "<group>"; };
		FDF1F21618F5C891001B53D0 /* TSweetAutoCompletesCommunicator.m */ = {isa = PBXFileReference; fileEncoding = 4; lastKnownFileType = sourcecode.c.objc; path = TSweetAutoCompletesCommunicator.m; sourceTree = "<group>"; };
		FDF1F21718F5C891001B53D0 /* TSweetCirclesCommunicator.h */ = {isa = PBXFileReference; fileEncoding = 4; lastKnownFileType = sourcecode.c.h; path = TSweetCirclesCommunicator.h; sourceTree = "<group>"; };
		FDF1F21818F5C891001B53D0 /* TSweetCirclesCommunicator.m */ = {isa = PBXFileReference; fileEncoding = 4; lastKnownFileType = sourcecode.c.objc; path = TSweetCirclesCommunicator.m; sourceTree = "<group>"; };
		FDF1F21918F5C891001B53D0 /* TSweetEventsCommunicator.h */ = {isa = PBXFileReference; fileEncoding = 4; lastKnownFileType = sourcecode.c.h; path = TSweetEventsCommunicator.h; sourceTree = "<group>"; };
		FDF1F21A18F5C891001B53D0 /* TSweetEventsCommunicator.m */ = {isa = PBXFileReference; fileEncoding = 4; lastKnownFileType = sourcecode.c.objc; path = TSweetEventsCommunicator.m; sourceTree = "<group>"; };
		FDF1F21B18F5C891001B53D0 /* TSweetMediasCommunicator.h */ = {isa = PBXFileReference; fileEncoding = 4; lastKnownFileType = sourcecode.c.h; path = TSweetMediasCommunicator.h; sourceTree = "<group>"; };
		FDF1F21C18F5C891001B53D0 /* TSweetMediasCommunicator.m */ = {isa = PBXFileReference; fileEncoding = 4; lastKnownFileType = sourcecode.c.objc; path = TSweetMediasCommunicator.m; sourceTree = "<group>"; };
		FDF1F21D18F5C891001B53D0 /* TSweetMembersCommunicator.h */ = {isa = PBXFileReference; fileEncoding = 4; lastKnownFileType = sourcecode.c.h; path = TSweetMembersCommunicator.h; sourceTree = "<group>"; };
		FDF1F21E18F5C891001B53D0 /* TSweetMembersCommunicator.m */ = {isa = PBXFileReference; fileEncoding = 4; lastKnownFileType = sourcecode.c.objc; path = TSweetMembersCommunicator.m; sourceTree = "<group>"; };
		FDF1F21F18F5C891001B53D0 /* TSweetMessagesCommunicator.h */ = {isa = PBXFileReference; fileEncoding = 4; lastKnownFileType = sourcecode.c.h; path = TSweetMessagesCommunicator.h; sourceTree = "<group>"; };
		FDF1F22018F5C891001B53D0 /* TSweetMessagesCommunicator.m */ = {isa = PBXFileReference; fileEncoding = 4; lastKnownFileType = sourcecode.c.objc; path = TSweetMessagesCommunicator.m; sourceTree = "<group>"; };
		FDF1F22118F5C891001B53D0 /* TSweetSocialMediasCommunicator.h */ = {isa = PBXFileReference; fileEncoding = 4; lastKnownFileType = sourcecode.c.h; path = TSweetSocialMediasCommunicator.h; sourceTree = "<group>"; };
		FDF1F22218F5C891001B53D0 /* TSweetSocialMediasCommunicator.m */ = {isa = PBXFileReference; fileEncoding = 4; lastKnownFileType = sourcecode.c.objc; path = TSweetSocialMediasCommunicator.m; sourceTree = "<group>"; };
		FDF1F22318F5C891001B53D0 /* TSweetTrusteesCommunicator.h */ = {isa = PBXFileReference; fileEncoding = 4; lastKnownFileType = sourcecode.c.h; path = TSweetTrusteesCommunicator.h; sourceTree = "<group>"; };
		FDF1F22418F5C891001B53D0 /* TSweetTrusteesCommunicator.m */ = {isa = PBXFileReference; fileEncoding = 4; lastKnownFileType = sourcecode.c.objc; path = TSweetTrusteesCommunicator.m; sourceTree = "<group>"; };
		FDF1F22518F5C891001B53D0 /* TSweetResponse.h */ = {isa = PBXFileReference; fileEncoding = 4; lastKnownFileType = sourcecode.c.h; path = TSweetResponse.h; sourceTree = "<group>"; };
		FDF1F22618F5C891001B53D0 /* TSweetResponse.m */ = {isa = PBXFileReference; fileEncoding = 4; lastKnownFileType = sourcecode.c.objc; path = TSweetResponse.m; sourceTree = "<group>"; };
		FDF1F22718F5C891001B53D0 /* TSweetRest.h */ = {isa = PBXFileReference; fileEncoding = 4; lastKnownFileType = sourcecode.c.h; path = TSweetRest.h; sourceTree = "<group>"; };
		FDF1F22818F5C891001B53D0 /* TSweetRest.m */ = {isa = PBXFileReference; fileEncoding = 4; lastKnownFileType = sourcecode.c.objc; path = TSweetRest.m; sourceTree = "<group>"; };
		FDF1F22918F5C891001B53D0 /* TSweetUsersCommunicator.h */ = {isa = PBXFileReference; fileEncoding = 4; lastKnownFileType = sourcecode.c.h; path = TSweetUsersCommunicator.h; sourceTree = "<group>"; };
		FDF1F22A18F5C891001B53D0 /* TSweetUsersCommunicator.m */ = {isa = PBXFileReference; fileEncoding = 4; lastKnownFileType = sourcecode.c.objc; path = TSweetUsersCommunicator.m; sourceTree = "<group>"; };
		FDF1F23718F5ECF3001B53D0 /* SecondHandShakeLoginViewController.h */ = {isa = PBXFileReference; fileEncoding = 4; lastKnownFileType = sourcecode.c.h; path = SecondHandShakeLoginViewController.h; sourceTree = "<group>"; };
		FDF1F23818F5ECF3001B53D0 /* SecondHandShakeLoginViewController.m */ = {isa = PBXFileReference; fileEncoding = 4; lastKnownFileType = sourcecode.c.objc; path = SecondHandShakeLoginViewController.m; sourceTree = "<group>"; };
/* End PBXFileReference section */

/* Begin PBXFrameworksBuildPhase section */
		FD54660318F5A66000BFD409 /* Frameworks */ = {
			isa = PBXFrameworksBuildPhase;
			buildActionMask = 2147483647;
			files = (
				FD81B89C1907F50D0037B479 /* Security.framework in Frameworks */,
				FD54660C18F5A66000BFD409 /* CoreGraphics.framework in Frameworks */,
				FD54660E18F5A66000BFD409 /* UIKit.framework in Frameworks */,
				FD54660A18F5A66000BFD409 /* Foundation.framework in Frameworks */,
				D64A9436371444F48143C767 /* libPods.a in Frameworks */,
			);
			runOnlyForDeploymentPostprocessing = 0;
		};
		FD54662418F5A66000BFD409 /* Frameworks */ = {
			isa = PBXFrameworksBuildPhase;
			buildActionMask = 2147483647;
			files = (
				FD54662918F5A66000BFD409 /* XCTest.framework in Frameworks */,
				FD54662B18F5A66000BFD409 /* UIKit.framework in Frameworks */,
				FD54662A18F5A66000BFD409 /* Foundation.framework in Frameworks */,
			);
			runOnlyForDeploymentPostprocessing = 0;
		};
/* End PBXFrameworksBuildPhase section */

/* Begin PBXGroup section */
		FD5465FD18F5A66000BFD409 = {
			isa = PBXGroup;
			children = (
				FD81B89D1907F83B0037B479 /* readme.md */,
				FD54660F18F5A66000BFD409 /* mobile */,
				FD54662E18F5A66000BFD409 /* mobileTests */,
				FD54660818F5A66000BFD409 /* Frameworks */,
				FD54660718F5A66000BFD409 /* Products */,
				35148144AD2E4457BCFD4D21 /* Pods.xcconfig */,
			);
			sourceTree = "<group>";
		};
		FD54660718F5A66000BFD409 /* Products */ = {
			isa = PBXGroup;
			children = (
				FD54660618F5A66000BFD409 /* mobile.app */,
				FD54662718F5A66000BFD409 /* mobileTests.xctest */,
			);
			name = Products;
			sourceTree = "<group>";
		};
		FD54660818F5A66000BFD409 /* Frameworks */ = {
			isa = PBXGroup;
			children = (
				FD81B89B1907F50D0037B479 /* Security.framework */,
				FD54660918F5A66000BFD409 /* Foundation.framework */,
				FD54660B18F5A66000BFD409 /* CoreGraphics.framework */,
				FD54660D18F5A66000BFD409 /* UIKit.framework */,
				FD54662818F5A66000BFD409 /* XCTest.framework */,
				99E4E867158A40178A8EA74E /* libPods.a */,
			);
			name = Frameworks;
			sourceTree = "<group>";
		};
		FD54660F18F5A66000BFD409 /* mobile */ = {
			isa = PBXGroup;
			children = (
				FD59908918FEEDFA00975F7F /* Models */,
				FD58983A18FEC7E700A9172F /* Views */,
				FD54664918F5AEDC00BFD409 /* Libraries */,
				FD54663F18F5A6FE00BFD409 /* ViewControllers */,
				FD54661818F5A66000BFD409 /* AppDelegate.h */,
				FD54661918F5A66000BFD409 /* AppDelegate.m */,
				FD54661B18F5A66000BFD409 /* Main.storyboard */,
				FD54662118F5A66000BFD409 /* Images.xcassets */,
				FD54661018F5A66000BFD409 /* Supporting Files */,
			);
			path = mobile;
			sourceTree = "<group>";
		};
		FD54661018F5A66000BFD409 /* Supporting Files */ = {
			isa = PBXGroup;
			children = (
				FD54661118F5A66000BFD409 /* mobile-Info.plist */,
				FD54661218F5A66000BFD409 /* InfoPlist.strings */,
				FD54661518F5A66000BFD409 /* main.m */,
				FD54661718F5A66000BFD409 /* mobile-Prefix.pch */,
			);
			name = "Supporting Files";
			sourceTree = "<group>";
		};
		FD54662E18F5A66000BFD409 /* mobileTests */ = {
			isa = PBXGroup;
			children = (
				FD54663418F5A66000BFD409 /* mobileTests.m */,
				FD54662F18F5A66000BFD409 /* Supporting Files */,
			);
			path = mobileTests;
			sourceTree = "<group>";
		};
		FD54662F18F5A66000BFD409 /* Supporting Files */ = {
			isa = PBXGroup;
			children = (
				FD54663018F5A66000BFD409 /* mobileTests-Info.plist */,
				FD54663118F5A66000BFD409 /* InfoPlist.strings */,
			);
			name = "Supporting Files";
			sourceTree = "<group>";
		};
		FD54663F18F5A6FE00BFD409 /* ViewControllers */ = {
			isa = PBXGroup;
			children = (
				FD5AA143191AAD6700C44F81 /* CircleViewController.h */,
				FD5AA144191AAD6700C44F81 /* CircleViewController.m */,
				FD7AB76C190ABCC700E302B8 /* ViewMemberTableViewController.h */,
				FD7AB76D190ABCC700E302B8 /* ViewMemberTableViewController.m */,
				FD9C71001905812A0091849B /* AddRelationViewController.h */,
				FD9C71011905812A0091849B /* AddRelationViewController.m */,
				FD576CAD18F70BF600851F90 /* TreeViewController.h */,
				FD576CAE18F70BF600851F90 /* TreeViewController.m */,
				FD54664418F5AD1B00BFD409 /* FirstHandShakeLoginViewController.h */,
				FD54664518F5AD1B00BFD409 /* FirstHandShakeLoginViewController.m */,
				FDF1F23718F5ECF3001B53D0 /* SecondHandShakeLoginViewController.h */,
				FDF1F23818F5ECF3001B53D0 /* SecondHandShakeLoginViewController.m */,
				FD576CB018F733B300851F90 /* UpdateInfoFirstTimeViewController.h */,
				FD576CB118F733B300851F90 /* UpdateInfoFirstTimeViewController.m */,
				FD8C2F4718F8224300299A4E /* FirstUploadPhotoViewController.h */,
				FD8C2F4818F8224300299A4E /* FirstUploadPhotoViewController.m */,
				FD7AB76F190B04E400E302B8 /* CirclesTableViewController.h */,
				FD7AB770190B04E400E302B8 /* CirclesTableViewController.m */,
				FDA9B0F51921320B0015BF8C /* CircleMembersTableViewController.h */,
				FDA9B0F61921320B0015BF8C /* CircleMembersTableViewController.m */,
				FD61900B19257464004DF6C4 /* CircleEventsViewController.h */,
				FD61900C19257464004DF6C4 /* CircleEventsViewController.m */,
			);
			name = ViewControllers;
			sourceTree = "<group>";
		};
		FD54664918F5AEDC00BFD409 /* Libraries */ = {
			isa = PBXGroup;
			children = (
				FDF1F23618F5C89D001B53D0 /* TSweet */,
			);
			name = Libraries;
			sourceTree = "<group>";
		};
		FD58983A18FEC7E700A9172F /* Views */ = {
			isa = PBXGroup;
			children = (
				FD58983B18FEC7FD00A9172F /* UITreeView.h */,
				FD58983C18FEC7FD00A9172F /* UITreeView.m */,
				FD6666751923E37800AFF4E5 /* UIAvatarCellTableViewCell.h */,
				FD6666761923E37800AFF4E5 /* UIAvatarCellTableViewCell.m */,
			);
			name = Views;
			sourceTree = "<group>";
		};
		FD59908918FEEDFA00975F7F /* Models */ = {
			isa = PBXGroup;
			children = (
				FD59908A18FEEE1400975F7F /* TMember.h */,
				FD59908B18FEEE1400975F7F /* TMember.m */,
				FD85CB10191CE808003707AC /* TCircle.h */,
				FD85CB11191CE808003707AC /* TCircle.m */,
			);
			name = Models;
			sourceTree = "<group>";
		};
		FDF1F23618F5C89D001B53D0 /* TSweet */ = {
			isa = PBXGroup;
			children = (
				FDF1F21418F5C891001B53D0 /* TSweet-Prefix.pch */,
				FDF1F21518F5C891001B53D0 /* TSweetAutoCompletesCommunicator.h */,
				FDF1F21618F5C891001B53D0 /* TSweetAutoCompletesCommunicator.m */,
				FDF1F21718F5C891001B53D0 /* TSweetCirclesCommunicator.h */,
				FDF1F21818F5C891001B53D0 /* TSweetCirclesCommunicator.m */,
				FDF1F21918F5C891001B53D0 /* TSweetEventsCommunicator.h */,
				FDF1F21A18F5C891001B53D0 /* TSweetEventsCommunicator.m */,
				FDF1F21B18F5C891001B53D0 /* TSweetMediasCommunicator.h */,
				FDF1F21C18F5C891001B53D0 /* TSweetMediasCommunicator.m */,
				FDF1F21D18F5C891001B53D0 /* TSweetMembersCommunicator.h */,
				FDF1F21E18F5C891001B53D0 /* TSweetMembersCommunicator.m */,
				FDF1F21F18F5C891001B53D0 /* TSweetMessagesCommunicator.h */,
				FDF1F22018F5C891001B53D0 /* TSweetMessagesCommunicator.m */,
				FDF1F22118F5C891001B53D0 /* TSweetSocialMediasCommunicator.h */,
				FDF1F22218F5C891001B53D0 /* TSweetSocialMediasCommunicator.m */,
				FDF1F22318F5C891001B53D0 /* TSweetTrusteesCommunicator.h */,
				FDF1F22418F5C891001B53D0 /* TSweetTrusteesCommunicator.m */,
				FDF1F22518F5C891001B53D0 /* TSweetResponse.h */,
				FDF1F22618F5C891001B53D0 /* TSweetResponse.m */,
				FDF1F22718F5C891001B53D0 /* TSweetRest.h */,
				FDF1F22818F5C891001B53D0 /* TSweetRest.m */,
				FDF1F22918F5C891001B53D0 /* TSweetUsersCommunicator.h */,
				FDF1F22A18F5C891001B53D0 /* TSweetUsersCommunicator.m */,
			);
			name = TSweet;
			sourceTree = "<group>";
		};
/* End PBXGroup section */

/* Begin PBXNativeTarget section */
		FD54660518F5A66000BFD409 /* mobile */ = {
			isa = PBXNativeTarget;
			buildConfigurationList = FD54663818F5A66000BFD409 /* Build configuration list for PBXNativeTarget "mobile" */;
			buildPhases = (
				BB0997C22FB945FA83F18397 /* Check Pods Manifest.lock */,
				FD54660218F5A66000BFD409 /* Sources */,
				FD54660318F5A66000BFD409 /* Frameworks */,
				FD54660418F5A66000BFD409 /* Resources */,
				A32390A53C14423988960280 /* Copy Pods Resources */,
			);
			buildRules = (
			);
			dependencies = (
			);
			name = mobile;
			productName = mobile;
			productReference = FD54660618F5A66000BFD409 /* mobile.app */;
			productType = "com.apple.product-type.application";
		};
		FD54662618F5A66000BFD409 /* mobileTests */ = {
			isa = PBXNativeTarget;
			buildConfigurationList = FD54663B18F5A66000BFD409 /* Build configuration list for PBXNativeTarget "mobileTests" */;
			buildPhases = (
				FD54662318F5A66000BFD409 /* Sources */,
				FD54662418F5A66000BFD409 /* Frameworks */,
				FD54662518F5A66000BFD409 /* Resources */,
			);
			buildRules = (
			);
			dependencies = (
				FD54662D18F5A66000BFD409 /* PBXTargetDependency */,
			);
			name = mobileTests;
			productName = mobileTests;
			productReference = FD54662718F5A66000BFD409 /* mobileTests.xctest */;
			productType = "com.apple.product-type.bundle.unit-test";
		};
/* End PBXNativeTarget section */

/* Begin PBXProject section */
		FD5465FE18F5A66000BFD409 /* Project object */ = {
			isa = PBXProject;
			attributes = {
				LastUpgradeCheck = 0510;
				ORGANIZATIONNAME = "TeenahApp Org";
				TargetAttributes = {
					FD54662618F5A66000BFD409 = {
						TestTargetID = FD54660518F5A66000BFD409;
					};
				};
			};
			buildConfigurationList = FD54660118F5A66000BFD409 /* Build configuration list for PBXProject "mobile" */;
			compatibilityVersion = "Xcode 3.2";
			developmentRegion = English;
			hasScannedForEncodings = 0;
			knownRegions = (
				en,
				Base,
			);
			mainGroup = FD5465FD18F5A66000BFD409;
			productRefGroup = FD54660718F5A66000BFD409 /* Products */;
			projectDirPath = "";
			projectRoot = "";
			targets = (
				FD54660518F5A66000BFD409 /* mobile */,
				FD54662618F5A66000BFD409 /* mobileTests */,
			);
		};
/* End PBXProject section */

/* Begin PBXResourcesBuildPhase section */
		FD54660418F5A66000BFD409 /* Resources */ = {
			isa = PBXResourcesBuildPhase;
			buildActionMask = 2147483647;
			files = (
				FD54662218F5A66000BFD409 /* Images.xcassets in Resources */,
				FD54661418F5A66000BFD409 /* InfoPlist.strings in Resources */,
				FD81B89E1907F83B0037B479 /* readme.md in Resources */,
				FD54661D18F5A66000BFD409 /* Main.storyboard in Resources */,
			);
			runOnlyForDeploymentPostprocessing = 0;
		};
		FD54662518F5A66000BFD409 /* Resources */ = {
			isa = PBXResourcesBuildPhase;
			buildActionMask = 2147483647;
			files = (
				FD54663318F5A66000BFD409 /* InfoPlist.strings in Resources */,
			);
			runOnlyForDeploymentPostprocessing = 0;
		};
/* End PBXResourcesBuildPhase section */

/* Begin PBXShellScriptBuildPhase section */
		A32390A53C14423988960280 /* Copy Pods Resources */ = {
			isa = PBXShellScriptBuildPhase;
			buildActionMask = 2147483647;
			files = (
			);
			inputPaths = (
			);
			name = "Copy Pods Resources";
			outputPaths = (
			);
			runOnlyForDeploymentPostprocessing = 0;
			shellPath = /bin/sh;
			shellScript = "\"${SRCROOT}/Pods/Pods-resources.sh\"\n";
			showEnvVarsInLog = 0;
		};
		BB0997C22FB945FA83F18397 /* Check Pods Manifest.lock */ = {
			isa = PBXShellScriptBuildPhase;
			buildActionMask = 2147483647;
			files = (
			);
			inputPaths = (
			);
			name = "Check Pods Manifest.lock";
			outputPaths = (
			);
			runOnlyForDeploymentPostprocessing = 0;
			shellPath = /bin/sh;
			shellScript = "diff \"${PODS_ROOT}/../Podfile.lock\" \"${PODS_ROOT}/Manifest.lock\" > /dev/null\nif [[ $? != 0 ]] ; then\n    cat << EOM\nerror: The sandbox is not in sync with the Podfile.lock. Run 'pod install' or update your CocoaPods installation.\nEOM\n    exit 1\nfi\n";
			showEnvVarsInLog = 0;
		};
/* End PBXShellScriptBuildPhase section */

/* Begin PBXSourcesBuildPhase section */
		FD54660218F5A66000BFD409 /* Sources */ = {
			isa = PBXSourcesBuildPhase;
			buildActionMask = 2147483647;
			files = (
				FD58983D18FEC7FD00A9172F /* UITreeView.m in Sources */,
				FD54661A18F5A66000BFD409 /* AppDelegate.m in Sources */,
				FDF1F23518F5C891001B53D0 /* TSweetUsersCommunicator.m in Sources */,
				FD54664618F5AD1B00BFD409 /* FirstHandShakeLoginViewController.m in Sources */,
				FDF1F22C18F5C891001B53D0 /* TSweetCirclesCommunicator.m in Sources */,
				FDF1F23218F5C891001B53D0 /* TSweetTrusteesCommunicator.m in Sources */,
				FD7AB76E190ABCC700E302B8 /* ViewMemberTableViewController.m in Sources */,
				FDF1F23918F5ECF3001B53D0 /* SecondHandShakeLoginViewController.m in Sources */,
				FD7AB771190B04E400E302B8 /* CirclesTableViewController.m in Sources */,
				FDF1F23018F5C891001B53D0 /* TSweetMessagesCommunicator.m in Sources */,
				FD5AA145191AAD6700C44F81 /* CircleViewController.m in Sources */,
				FDF1F23118F5C891001B53D0 /* TSweetSocialMediasCommunicator.m in Sources */,
				FD8C2F4918F8224300299A4E /* FirstUploadPhotoViewController.m in Sources */,
				FDF1F22B18F5C891001B53D0 /* TSweetAutoCompletesCommunicator.m in Sources */,
				FD576CB218F733B300851F90 /* UpdateInfoFirstTimeViewController.m in Sources */,
				FDA9B0F71921320B0015BF8C /* CircleMembersTableViewController.m in Sources */,
				FDF1F22E18F5C891001B53D0 /* TSweetMediasCommunicator.m in Sources */,
				FD61900D19257464004DF6C4 /* CircleEventsViewController.m in Sources */,
				FD85CB12191CE808003707AC /* TCircle.m in Sources */,
				FD6666771923E37800AFF4E5 /* UIAvatarCellTableViewCell.m in Sources */,
				FD59908C18FEEE1400975F7F /* TMember.m in Sources */,
				FD9C71021905812A0091849B /* AddRelationViewController.m in Sources */,
				FDF1F23318F5C891001B53D0 /* TSweetResponse.m in Sources */,
				FDF1F23418F5C891001B53D0 /* TSweetRest.m in Sources */,
				FD54661618F5A66000BFD409 /* main.m in Sources */,
				FDF1F22F18F5C891001B53D0 /* TSweetMembersCommunicator.m in Sources */,
				FD576CAF18F70BF600851F90 /* TreeViewController.m in Sources */,
				FDF1F22D18F5C891001B53D0 /* TSweetEventsCommunicator.m in Sources */,
			);
			runOnlyForDeploymentPostprocessing = 0;
		};
		FD54662318F5A66000BFD409 /* Sources */ = {
			isa = PBXSourcesBuildPhase;
			buildActionMask = 2147483647;
			files = (
				FD54663518F5A66000BFD409 /* mobileTests.m in Sources */,
			);
			runOnlyForDeploymentPostprocessing = 0;
		};
/* End PBXSourcesBuildPhase section */

/* Begin PBXTargetDependency section */
		FD54662D18F5A66000BFD409 /* PBXTargetDependency */ = {
			isa = PBXTargetDependency;
			target = FD54660518F5A66000BFD409 /* mobile */;
			targetProxy = FD54662C18F5A66000BFD409 /* PBXContainerItemProxy */;
		};
/* End PBXTargetDependency section */

/* Begin PBXVariantGroup section */
		FD54661218F5A66000BFD409 /* InfoPlist.strings */ = {
			isa = PBXVariantGroup;
			children = (
				FD54661318F5A66000BFD409 /* en */,
			);
			name = InfoPlist.strings;
			sourceTree = "<group>";
		};
		FD54661B18F5A66000BFD409 /* Main.storyboard */ = {
			isa = PBXVariantGroup;
			children = (
				FD54661C18F5A66000BFD409 /* Base */,
				FD54664118F5A76C00BFD409 /* en */,
			);
			name = Main.storyboard;
			sourceTree = "<group>";
		};
		FD54663118F5A66000BFD409 /* InfoPlist.strings */ = {
			isa = PBXVariantGroup;
			children = (
				FD54663218F5A66000BFD409 /* en */,
			);
			name = InfoPlist.strings;
			sourceTree = "<group>";
		};
/* End PBXVariantGroup section */

/* Begin XCBuildConfiguration section */
		FD54663618F5A66000BFD409 /* Debug */ = {
			isa = XCBuildConfiguration;
			buildSettings = {
				ALWAYS_SEARCH_USER_PATHS = NO;
				CLANG_CXX_LANGUAGE_STANDARD = "gnu++0x";
				CLANG_CXX_LIBRARY = "libc++";
				CLANG_ENABLE_MODULES = YES;
				CLANG_ENABLE_OBJC_ARC = YES;
				CLANG_WARN_BOOL_CONVERSION = YES;
				CLANG_WARN_CONSTANT_CONVERSION = YES;
				CLANG_WARN_DIRECT_OBJC_ISA_USAGE = YES_ERROR;
				CLANG_WARN_EMPTY_BODY = YES;
				CLANG_WARN_ENUM_CONVERSION = YES;
				CLANG_WARN_INT_CONVERSION = YES;
				CLANG_WARN_OBJC_ROOT_CLASS = YES_ERROR;
				CLANG_WARN__DUPLICATE_METHOD_MATCH = YES;
				"CODE_SIGN_IDENTITY[sdk=iphoneos*]" = "iPhone Developer";
				COPY_PHASE_STRIP = NO;
				GCC_C_LANGUAGE_STANDARD = gnu99;
				GCC_DYNAMIC_NO_PIC = NO;
				GCC_OPTIMIZATION_LEVEL = 0;
				GCC_PREPROCESSOR_DEFINITIONS = (
					"DEBUG=1",
					"$(inherited)",
				);
				GCC_SYMBOLS_PRIVATE_EXTERN = NO;
				GCC_WARN_64_TO_32_BIT_CONVERSION = YES;
				GCC_WARN_ABOUT_RETURN_TYPE = YES_ERROR;
				GCC_WARN_UNDECLARED_SELECTOR = YES;
				GCC_WARN_UNINITIALIZED_AUTOS = YES_AGGRESSIVE;
				GCC_WARN_UNUSED_FUNCTION = YES;
				GCC_WARN_UNUSED_VARIABLE = YES;
				IPHONEOS_DEPLOYMENT_TARGET = 7.1;
				ONLY_ACTIVE_ARCH = YES;
				SDKROOT = iphoneos;
			};
			name = Debug;
		};
		FD54663718F5A66000BFD409 /* Release */ = {
			isa = XCBuildConfiguration;
			buildSettings = {
				ALWAYS_SEARCH_USER_PATHS = NO;
				CLANG_CXX_LANGUAGE_STANDARD = "gnu++0x";
				CLANG_CXX_LIBRARY = "libc++";
				CLANG_ENABLE_MODULES = YES;
				CLANG_ENABLE_OBJC_ARC = YES;
				CLANG_WARN_BOOL_CONVERSION = YES;
				CLANG_WARN_CONSTANT_CONVERSION = YES;
				CLANG_WARN_DIRECT_OBJC_ISA_USAGE = YES_ERROR;
				CLANG_WARN_EMPTY_BODY = YES;
				CLANG_WARN_ENUM_CONVERSION = YES;
				CLANG_WARN_INT_CONVERSION = YES;
				CLANG_WARN_OBJC_ROOT_CLASS = YES_ERROR;
				CLANG_WARN__DUPLICATE_METHOD_MATCH = YES;
				"CODE_SIGN_IDENTITY[sdk=iphoneos*]" = "iPhone Developer";
				COPY_PHASE_STRIP = YES;
				ENABLE_NS_ASSERTIONS = NO;
				GCC_C_LANGUAGE_STANDARD = gnu99;
				GCC_WARN_64_TO_32_BIT_CONVERSION = YES;
				GCC_WARN_ABOUT_RETURN_TYPE = YES_ERROR;
				GCC_WARN_UNDECLARED_SELECTOR = YES;
				GCC_WARN_UNINITIALIZED_AUTOS = YES_AGGRESSIVE;
				GCC_WARN_UNUSED_FUNCTION = YES;
				GCC_WARN_UNUSED_VARIABLE = YES;
				IPHONEOS_DEPLOYMENT_TARGET = 7.1;
				SDKROOT = iphoneos;
				VALIDATE_PRODUCT = YES;
			};
			name = Release;
		};
		FD54663918F5A66000BFD409 /* Debug */ = {
			isa = XCBuildConfiguration;
			baseConfigurationReference = 35148144AD2E4457BCFD4D21 /* Pods.xcconfig */;
			buildSettings = {
				ASSETCATALOG_COMPILER_APPICON_NAME = AppIcon;
				ASSETCATALOG_COMPILER_LAUNCHIMAGE_NAME = LaunchImage;
				GCC_PRECOMPILE_PREFIX_HEADER = YES;
				GCC_PREFIX_HEADER = "mobile/mobile-Prefix.pch";
				INFOPLIST_FILE = "mobile/mobile-Info.plist";
				PRODUCT_NAME = "$(TARGET_NAME)";
				WRAPPER_EXTENSION = app;
			};
			name = Debug;
		};
		FD54663A18F5A66000BFD409 /* Release */ = {
			isa = XCBuildConfiguration;
			baseConfigurationReference = 35148144AD2E4457BCFD4D21 /* Pods.xcconfig */;
			buildSettings = {
				ASSETCATALOG_COMPILER_APPICON_NAME = AppIcon;
				ASSETCATALOG_COMPILER_LAUNCHIMAGE_NAME = LaunchImage;
				GCC_PRECOMPILE_PREFIX_HEADER = YES;
				GCC_PREFIX_HEADER = "mobile/mobile-Prefix.pch";
				INFOPLIST_FILE = "mobile/mobile-Info.plist";
				PRODUCT_NAME = "$(TARGET_NAME)";
				WRAPPER_EXTENSION = app;
			};
			name = Release;
		};
		FD54663C18F5A66000BFD409 /* Debug */ = {
			isa = XCBuildConfiguration;
			buildSettings = {
				BUNDLE_LOADER = "$(BUILT_PRODUCTS_DIR)/mobile.app/mobile";
				FRAMEWORK_SEARCH_PATHS = (
					"$(SDKROOT)/Developer/Library/Frameworks",
					"$(inherited)",
					"$(DEVELOPER_FRAMEWORKS_DIR)",
				);
				GCC_PRECOMPILE_PREFIX_HEADER = YES;
				GCC_PREFIX_HEADER = "mobile/mobile-Prefix.pch";
				GCC_PREPROCESSOR_DEFINITIONS = (
					"DEBUG=1",
					"$(inherited)",
				);
				INFOPLIST_FILE = "mobileTests/mobileTests-Info.plist";
				PRODUCT_NAME = "$(TARGET_NAME)";
				TEST_HOST = "$(BUNDLE_LOADER)";
				WRAPPER_EXTENSION = xctest;
			};
			name = Debug;
		};
		FD54663D18F5A66000BFD409 /* Release */ = {
			isa = XCBuildConfiguration;
			buildSettings = {
				BUNDLE_LOADER = "$(BUILT_PRODUCTS_DIR)/mobile.app/mobile";
				FRAMEWORK_SEARCH_PATHS = (
					"$(SDKROOT)/Developer/Library/Frameworks",
					"$(inherited)",
					"$(DEVELOPER_FRAMEWORKS_DIR)",
				);
				GCC_PRECOMPILE_PREFIX_HEADER = YES;
				GCC_PREFIX_HEADER = "mobile/mobile-Prefix.pch";
				INFOPLIST_FILE = "mobileTests/mobileTests-Info.plist";
				PRODUCT_NAME = "$(TARGET_NAME)";
				TEST_HOST = "$(BUNDLE_LOADER)";
				WRAPPER_EXTENSION = xctest;
			};
			name = Release;
		};
/* End XCBuildConfiguration section */

/* Begin XCConfigurationList section */
		FD54660118F5A66000BFD409 /* Build configuration list for PBXProject "mobile" */ = {
			isa = XCConfigurationList;
			buildConfigurations = (
				FD54663618F5A66000BFD409 /* Debug */,
				FD54663718F5A66000BFD409 /* Release */,
			);
			defaultConfigurationIsVisible = 0;
			defaultConfigurationName = Release;
		};
		FD54663818F5A66000BFD409 /* Build configuration list for PBXNativeTarget "mobile" */ = {
			isa = XCConfigurationList;
			buildConfigurations = (
				FD54663918F5A66000BFD409 /* Debug */,
				FD54663A18F5A66000BFD409 /* Release */,
			);
			defaultConfigurationIsVisible = 0;
			defaultConfigurationName = Release;
		};
		FD54663B18F5A66000BFD409 /* Build configuration list for PBXNativeTarget "mobileTests" */ = {
			isa = XCConfigurationList;
			buildConfigurations = (
				FD54663C18F5A66000BFD409 /* Debug */,
				FD54663D18F5A66000BFD409 /* Release */,
			);
			defaultConfigurationIsVisible = 0;
			defaultConfigurationName = Release;
		};
/* End XCConfigurationList section */
	};
	rootObject = FD5465FE18F5A66000BFD409 /* Project object */;
}
